Microsoft Visual Studio Solution File, Format Version 12.00
# Visual Studio 2013
Project("{8BC9CEB8-8B4A-11D0-8D11-00A0C91BC942}") = "ALL_BUILD", "ALL_BUILD.vcxproj", "{3C742AFE-04BB-4F05-B917-50865FAE9FFE}"
	ProjectSection(ProjectDependencies) = postProject
		{97AFE7F8-34F3-4D0E-BAA6-47BC5E7DC6A4} = {97AFE7F8-34F3-4D0E-BAA6-47BC5E7DC6A4}
		{1E70D3A6-0AFE-471E-B09C-C34CA3EC0E34} = {1E70D3A6-0AFE-471E-B09C-C34CA3EC0E34}
		{1628FE5F-79F9-49A3-9CCE-5DC9B0EBED7D} = {1628FE5F-79F9-49A3-9CCE-5DC9B0EBED7D}
		{1F2E011A-9A0D-460C-A09B-8C33787D533A} = {1F2E011A-9A0D-460C-A09B-8C33787D533A}
		{9BDE0108-E347-4CE2-9B28-30DF711D0F1C} = {9BDE0108-E347-4CE2-9B28-30DF711D0F1C}
		{0F63CEF5-E123-4343-97BD-AC8220EFB9A6} = {0F63CEF5-E123-4343-97BD-AC8220EFB9A6}
		{88B9EE92-2699-4365-B0ED-F1A8A15C7B8F} = {88B9EE92-2699-4365-B0ED-F1A8A15C7B8F}
		{FCC24656-267E-43FA-8CC7-6F2CA4D70A15} = {FCC24656-267E-43FA-8CC7-6F2CA4D70A15}
		{3DB601D1-153F-4DC9-A6EA-DEA58A0B151D} = {3DB601D1-153F-4DC9-A6EA-DEA58A0B151D}
		{E8D3B57E-FDCD-4CCF-A796-2173EC201144} = {E8D3B57E-FDCD-4CCF-A796-2173EC201144}
		{3D0696E6-EA9D-47A6-8A61-3FB9D739F1DE} = {3D0696E6-EA9D-47A6-8A61-3FB9D739F1DE}
		{0AD60951-4B43-407A-87BC-243897FE4CDB} = {0AD60951-4B43-407A-87BC-243897FE4CDB}
		{5F70BA3D-9568-44AE-A50F-EE29AF8505A2} = {5F70BA3D-9568-44AE-A50F-EE29AF8505A2}
		{8C1811EF-E14D-44EF-B38C-DC36883EFF32} = {8C1811EF-E14D-44EF-B38C-DC36883EFF32}
		{583962FD-D270-49C4-9D0F-ADFCA5A0376D} = {583962FD-D270-49C4-9D0F-ADFCA5A0376D}
		{822C1B29-AAED-4AB2-BB22-7290056A5382} = {822C1B29-AAED-4AB2-BB22-7290056A5382}
		{EA8E70EC-7C24-4A71-A00C-512B9F580719} = {EA8E70EC-7C24-4A71-A00C-512B9F580719}
		{BFF5EF15-ABFF-4BE7-8364-3F2CF0FB2D64} = {BFF5EF15-ABFF-4BE7-8364-3F2CF0FB2D64}
		{489FAA86-C506-42E8-A1DB-416A199557F7} = {489FAA86-C506-42E8-A1DB-416A199557F7}
		{057A1406-A2F4-4554-B3D8-B9AA93A2D055} = {057A1406-A2F4-4554-B3D8-B9AA93A2D055}
		{D7C177C6-0189-4864-B4C3-292A690A31F6} = {D7C177C6-0189-4864-B4C3-292A690A31F6}
		{D3215860-CA02-4B76-9F1E-987A4D38957A} = {D3215860-CA02-4B76-9F1E-987A4D38957A}
		{255E01FD-89EF-4785-9488-AF9953F24E80} = {255E01FD-89EF-4785-9488-AF9953F24E80}
		{DFEC8640-8E45-4C81-9D85-0A9B414096A6} = {DFEC8640-8E45-4C81-9D85-0A9B414096A6}
		{0DBF642C-0732-4F07-9F09-942786ECAAE7} = {0DBF642C-0732-4F07-9F09-942786ECAAE7}
		{0F8977EC-8E9A-4A31-9E16-6240E18391F1} = {0F8977EC-8E9A-4A31-9E16-6240E18391F1}
		{AF1C41A2-C4AC-4BB1-ABA6-F7A473EDCE8D} = {AF1C41A2-C4AC-4BB1-ABA6-F7A473EDCE8D}
		{23AFB3E5-5BDC-4FCB-9BE6-F632DD8BBEE1} = {23AFB3E5-5BDC-4FCB-9BE6-F632DD8BBEE1}
		{2E9B5931-C7DD-4025-A4F0-A88E133543C5} = {2E9B5931-C7DD-4025-A4F0-A88E133543C5}
		{02487BAC-72AC-4DAB-AFFD-94AACB77F7BF} = {02487BAC-72AC-4DAB-AFFD-94AACB77F7BF}
		{657BD5D8-625A-4083-9E87-FF29A45A9EC8} = {657BD5D8-625A-4083-9E87-FF29A45A9EC8}
		{97361B04-434F-4A8F-B855-2E7DBCFDB309} = {97361B04-434F-4A8F-B855-2E7DBCFDB309}
		{BE14011A-C8C5-4787-B08A-4747A13307A7} = {BE14011A-C8C5-4787-B08A-4747A13307A7}
		{81C5F527-0E8C-4402-B70A-CF2C23171894} = {81C5F527-0E8C-4402-B70A-CF2C23171894}
		{1603910D-9E7C-41A9-9F7B-76C6F25B4223} = {1603910D-9E7C-41A9-9F7B-76C6F25B4223}
		{02EB15A7-4581-4ACD-9F30-4CDE72E1AB1E} = {02EB15A7-4581-4ACD-9F30-4CDE72E1AB1E}
		{36337EEC-6534-4EFB-AFCE-7D9370F8711A} = {36337EEC-6534-4EFB-AFCE-7D9370F8711A}
		{C0DA7160-3F11-4DCC-8925-2FE521A9B914} = {C0DA7160-3F11-4DCC-8925-2FE521A9B914}
		{90B09113-A659-465D-A252-C2E699E50882} = {90B09113-A659-465D-A252-C2E699E50882}
		{36AEBB3C-D545-4CBE-B495-BE80DDB5DCA2} = {36AEBB3C-D545-4CBE-B495-BE80DDB5DCA2}
		{1CB654E7-0E4A-4FB8-972D-58E4B448BF64} = {1CB654E7-0E4A-4FB8-972D-58E4B448BF64}
		{3C658CB0-F452-4C00-AEF1-F1D12884A26C} = {3C658CB0-F452-4C00-AEF1-F1D12884A26C}
		{32A12BC2-D877-4E69-9189-003862211F52} = {32A12BC2-D877-4E69-9189-003862211F52}
		{80545325-E60C-4CB4-9AEA-727B306C710A} = {80545325-E60C-4CB4-9AEA-727B306C710A}
		{EBC7AEA7-2C20-4E76-9114-6AEB1E71D69C} = {EBC7AEA7-2C20-4E76-9114-6AEB1E71D69C}
		{86AE9E43-E916-4DC2-9440-F15F9E014671} = {86AE9E43-E916-4DC2-9440-F15F9E014671}
		{42AB6218-1FE6-42AB-AB32-8D6306022333} = {42AB6218-1FE6-42AB-AB32-8D6306022333}
		{E31689F4-0508-4348-8966-B8AE3B098526} = {E31689F4-0508-4348-8966-B8AE3B098526}
		{D7C7DB0C-2887-44F0-889D-519FC8C6CB54} = {D7C7DB0C-2887-44F0-889D-519FC8C6CB54}
		{62EBE81F-F72C-484F-8A55-9F5B8C2727C6} = {62EBE81F-F72C-484F-8A55-9F5B8C2727C6}
		{9D99BC6C-B4FD-4A6B-9D86-74A60B309C7E} = {9D99BC6C-B4FD-4A6B-9D86-74A60B309C7E}
		{2F0A3D1C-13FA-4DFC-BB0A-B2816CDB7618} = {2F0A3D1C-13FA-4DFC-BB0A-B2816CDB7618}
		{3B664241-EB13-45F7-9638-0238E5F6681A} = {3B664241-EB13-45F7-9638-0238E5F6681A}
		{DAA661DA-9BDF-448A-878B-943684ACEDA6} = {DAA661DA-9BDF-448A-878B-943684ACEDA6}
		{C27DCF29-20C9-47F6-9777-E3C13A3B419B} = {C27DCF29-20C9-47F6-9777-E3C13A3B419B}
		{52F31ED1-ACAD-4C19-BA47-39AC64C5FC4D} = {52F31ED1-ACAD-4C19-BA47-39AC64C5FC4D}
		{01F38D8D-977C-42AA-8926-16D054600B4E} = {01F38D8D-977C-42AA-8926-16D054600B4E}
		{57990DF1-A22D-4153-9708-A0F6D71B7ED5} = {57990DF1-A22D-4153-9708-A0F6D71B7ED5}
		{9481B929-1CCC-4D2D-AE2D-A5081AF374F3} = {9481B929-1CCC-4D2D-AE2D-A5081AF374F3}
		{84D23598-3F69-4082-BC62-602D13A61FB9} = {84D23598-3F69-4082-BC62-602D13A61FB9}
	EndProjectSection
EndProject
Project("{8BC9CEB8-8B4A-11D0-8D11-00A0C91BC942}") = "AppAllBulletDemos", "Demos\AllBulletDemos\AppAllBulletDemos.vcxproj", "{97AFE7F8-34F3-4D0E-BAA6-47BC5E7DC6A4}"
	ProjectSection(ProjectDependencies) = postProject
		{EBC7AEA7-2C20-4E76-9114-6AEB1E71D69C} = {EBC7AEA7-2C20-4E76-9114-6AEB1E71D69C}
		{86AE9E43-E916-4DC2-9440-F15F9E014671} = {86AE9E43-E916-4DC2-9440-F15F9E014671}
		{42AB6218-1FE6-42AB-AB32-8D6306022333} = {42AB6218-1FE6-42AB-AB32-8D6306022333}
		{D7C7DB0C-2887-44F0-889D-519FC8C6CB54} = {D7C7DB0C-2887-44F0-889D-519FC8C6CB54}
		{9D99BC6C-B4FD-4A6B-9D86-74A60B309C7E} = {9D99BC6C-B4FD-4A6B-9D86-74A60B309C7E}
		{3B664241-EB13-45F7-9638-0238E5F6681A} = {3B664241-EB13-45F7-9638-0238E5F6681A}
		{DAA661DA-9BDF-448A-878B-943684ACEDA6} = {DAA661DA-9BDF-448A-878B-943684ACEDA6}
		{C27DCF29-20C9-47F6-9777-E3C13A3B419B} = {C27DCF29-20C9-47F6-9777-E3C13A3B419B}
		{52F31ED1-ACAD-4C19-BA47-39AC64C5FC4D} = {52F31ED1-ACAD-4C19-BA47-39AC64C5FC4D}
		{01F38D8D-977C-42AA-8926-16D054600B4E} = {01F38D8D-977C-42AA-8926-16D054600B4E}
		{9481B929-1CCC-4D2D-AE2D-A5081AF374F3} = {9481B929-1CCC-4D2D-AE2D-A5081AF374F3}
		{84D23598-3F69-4082-BC62-602D13A61FB9} = {84D23598-3F69-4082-BC62-602D13A61FB9}
	EndProjectSection
EndProject
Project("{8BC9CEB8-8B4A-11D0-8D11-00A0C91BC942}") = "AppBasicDemo", "Demos\BasicDemo\AppBasicDemo.vcxproj", "{1E70D3A6-0AFE-471E-B09C-C34CA3EC0E34}"
	ProjectSection(ProjectDependencies) = postProject
		{EBC7AEA7-2C20-4E76-9114-6AEB1E71D69C} = {EBC7AEA7-2C20-4E76-9114-6AEB1E71D69C}
		{86AE9E43-E916-4DC2-9440-F15F9E014671} = {86AE9E43-E916-4DC2-9440-F15F9E014671}
		{01F38D8D-977C-42AA-8926-16D054600B4E} = {01F38D8D-977C-42AA-8926-16D054600B4E}
		{9481B929-1CCC-4D2D-AE2D-A5081AF374F3} = {9481B929-1CCC-4D2D-AE2D-A5081AF374F3}
		{84D23598-3F69-4082-BC62-602D13A61FB9} = {84D23598-3F69-4082-BC62-602D13A61FB9}
	EndProjectSection
EndProject
Project("{8BC9CEB8-8B4A-11D0-8D11-00A0C91BC942}") = "AppBenchmarks", "Demos\Benchmarks\AppBenchmarks.vcxproj", "{1628FE5F-79F9-49A3-9CCE-5DC9B0EBED7D}"
	ProjectSection(ProjectDependencies) = postProject
		{EBC7AEA7-2C20-4E76-9114-6AEB1E71D69C} = {EBC7AEA7-2C20-4E76-9114-6AEB1E71D69C}
		{86AE9E43-E916-4DC2-9440-F15F9E014671} = {86AE9E43-E916-4DC2-9440-F15F9E014671}
		{01F38D8D-977C-42AA-8926-16D054600B4E} = {01F38D8D-977C-42AA-8926-16D054600B4E}
		{84D23598-3F69-4082-BC62-602D13A61FB9} = {84D23598-3F69-4082-BC62-602D13A61FB9}
	EndProjectSection
EndProject
Project("{8BC9CEB8-8B4A-11D0-8D11-00A0C91BC942}") = "AppBox2dDemo", "Demos\Box2dDemo\AppBox2dDemo.vcxproj", "{1F2E011A-9A0D-460C-A09B-8C33787D533A}"
	ProjectSection(ProjectDependencies) = postProject
		{EBC7AEA7-2C20-4E76-9114-6AEB1E71D69C} = {EBC7AEA7-2C20-4E76-9114-6AEB1E71D69C}
		{86AE9E43-E916-4DC2-9440-F15F9E014671} = {86AE9E43-E916-4DC2-9440-F15F9E014671}
		{01F38D8D-977C-42AA-8926-16D054600B4E} = {01F38D8D-977C-42AA-8926-16D054600B4E}
		{9481B929-1CCC-4D2D-AE2D-A5081AF374F3} = {9481B929-1CCC-4D2D-AE2D-A5081AF374F3}
		{84D23598-3F69-4082-BC62-602D13A61FB9} = {84D23598-3F69-4082-BC62-602D13A61FB9}
	EndProjectSection
EndProject
Project("{8BC9CEB8-8B4A-11D0-8D11-00A0C91BC942}") = "AppBspPhysicsDemo", "Demos\BspDemo\AppBspPhysicsDemo.vcxproj", "{9BDE0108-E347-4CE2-9B28-30DF711D0F1C}"
	ProjectSection(ProjectDependencies) = postProject
		{EBC7AEA7-2C20-4E76-9114-6AEB1E71D69C} = {EBC7AEA7-2C20-4E76-9114-6AEB1E71D69C}
		{86AE9E43-E916-4DC2-9440-F15F9E014671} = {86AE9E43-E916-4DC2-9440-F15F9E014671}
		{01F38D8D-977C-42AA-8926-16D054600B4E} = {01F38D8D-977C-42AA-8926-16D054600B4E}
		{9481B929-1CCC-4D2D-AE2D-A5081AF374F3} = {9481B929-1CCC-4D2D-AE2D-A5081AF374F3}
		{84D23598-3F69-4082-BC62-602D13A61FB9} = {84D23598-3F69-4082-BC62-602D13A61FB9}
	EndProjectSection
EndProject
Project("{8BC9CEB8-8B4A-11D0-8D11-00A0C91BC942}") = "AppBulletXmlImportDemo", "Demos\BulletXmlImportDemo\AppBulletXmlImportDemo.vcxproj", "{0F63CEF5-E123-4343-97BD-AC8220EFB9A6}"
	ProjectSection(ProjectDependencies) = postProject
		{EBC7AEA7-2C20-4E76-9114-6AEB1E71D69C} = {EBC7AEA7-2C20-4E76-9114-6AEB1E71D69C}
		{86AE9E43-E916-4DC2-9440-F15F9E014671} = {86AE9E43-E916-4DC2-9440-F15F9E014671}
		{42AB6218-1FE6-42AB-AB32-8D6306022333} = {42AB6218-1FE6-42AB-AB32-8D6306022333}
		{D7C7DB0C-2887-44F0-889D-519FC8C6CB54} = {D7C7DB0C-2887-44F0-889D-519FC8C6CB54}
		{9D99BC6C-B4FD-4A6B-9D86-74A60B309C7E} = {9D99BC6C-B4FD-4A6B-9D86-74A60B309C7E}
		{2F0A3D1C-13FA-4DFC-BB0A-B2816CDB7618} = {2F0A3D1C-13FA-4DFC-BB0A-B2816CDB7618}
		{01F38D8D-977C-42AA-8926-16D054600B4E} = {01F38D8D-977C-42AA-8926-16D054600B4E}
		{9481B929-1CCC-4D2D-AE2D-A5081AF374F3} = {9481B929-1CCC-4D2D-AE2D-A5081AF374F3}
		{84D23598-3F69-4082-BC62-602D13A61FB9} = {84D23598-3F69-4082-BC62-602D13A61FB9}
	EndProjectSection
EndProject
Project("{8BC9CEB8-8B4A-11D0-8D11-00A0C91BC942}") = "AppCcdPhysicsDemo", "Demos\CcdPhysicsDemo\AppCcdPhysicsDemo.vcxproj", "{88B9EE92-2699-4365-B0ED-F1A8A15C7B8F}"
	ProjectSection(ProjectDependencies) = postProject
		{EBC7AEA7-2C20-4E76-9114-6AEB1E71D69C} = {EBC7AEA7-2C20-4E76-9114-6AEB1E71D69C}
		{86AE9E43-E916-4DC2-9440-F15F9E014671} = {86AE9E43-E916-4DC2-9440-F15F9E014671}
		{01F38D8D-977C-42AA-8926-16D054600B4E} = {01F38D8D-977C-42AA-8926-16D054600B4E}
		{9481B929-1CCC-4D2D-AE2D-A5081AF374F3} = {9481B929-1CCC-4D2D-AE2D-A5081AF374F3}
		{84D23598-3F69-4082-BC62-602D13A61FB9} = {84D23598-3F69-4082-BC62-602D13A61FB9}
	EndProjectSection
EndProject
Project("{8BC9CEB8-8B4A-11D0-8D11-00A0C91BC942}") = "AppCharacterDemo", "Demos\CharacterDemo\AppCharacterDemo.vcxproj", "{FCC24656-267E-43FA-8CC7-6F2CA4D70A15}"
	ProjectSection(ProjectDependencies) = postProject
		{EBC7AEA7-2C20-4E76-9114-6AEB1E71D69C} = {EBC7AEA7-2C20-4E76-9114-6AEB1E71D69C}
		{86AE9E43-E916-4DC2-9440-F15F9E014671} = {86AE9E43-E916-4DC2-9440-F15F9E014671}
		{01F38D8D-977C-42AA-8926-16D054600B4E} = {01F38D8D-977C-42AA-8926-16D054600B4E}
		{9481B929-1CCC-4D2D-AE2D-A5081AF374F3} = {9481B929-1CCC-4D2D-AE2D-A5081AF374F3}
		{84D23598-3F69-4082-BC62-602D13A61FB9} = {84D23598-3F69-4082-BC62-602D13A61FB9}
	EndProjectSection
EndProject
Project("{8BC9CEB8-8B4A-11D0-8D11-00A0C91BC942}") = "AppCollisionDemo", "Demos\CollisionDemo\AppCollisionDemo.vcxproj", "{3DB601D1-153F-4DC9-A6EA-DEA58A0B151D}"
	ProjectSection(ProjectDependencies) = postProject
		{EBC7AEA7-2C20-4E76-9114-6AEB1E71D69C} = {EBC7AEA7-2C20-4E76-9114-6AEB1E71D69C}
		{86AE9E43-E916-4DC2-9440-F15F9E014671} = {86AE9E43-E916-4DC2-9440-F15F9E014671}
		{01F38D8D-977C-42AA-8926-16D054600B4E} = {01F38D8D-977C-42AA-8926-16D054600B4E}
		{9481B929-1CCC-4D2D-AE2D-A5081AF374F3} = {9481B929-1CCC-4D2D-AE2D-A5081AF374F3}
		{84D23598-3F69-4082-BC62-602D13A61FB9} = {84D23598-3F69-4082-BC62-602D13A61FB9}
	EndProjectSection
EndProject
Project("{8BC9CEB8-8B4A-11D0-8D11-00A0C91BC942}") = "AppCollisionInterfaceDemo", "Demos\CollisionInterfaceDemo\AppCollisionInterfaceDemo.vcxproj", "{E8D3B57E-FDCD-4CCF-A796-2173EC201144}"
	ProjectSection(ProjectDependencies) = postProject
		{EBC7AEA7-2C20-4E76-9114-6AEB1E71D69C} = {EBC7AEA7-2C20-4E76-9114-6AEB1E71D69C}
		{86AE9E43-E916-4DC2-9440-F15F9E014671} = {86AE9E43-E916-4DC2-9440-F15F9E014671}
		{01F38D8D-977C-42AA-8926-16D054600B4E} = {01F38D8D-977C-42AA-8926-16D054600B4E}
		{9481B929-1CCC-4D2D-AE2D-A5081AF374F3} = {9481B929-1CCC-4D2D-AE2D-A5081AF374F3}
		{84D23598-3F69-4082-BC62-602D13A61FB9} = {84D23598-3F69-4082-BC62-602D13A61FB9}
	EndProjectSection
EndProject
Project("{8BC9CEB8-8B4A-11D0-8D11-00A0C91BC942}") = "AppConcaveConvexCastDemo", "Demos\ConcaveConvexcastDemo\AppConcaveConvexCastDemo.vcxproj", "{3D0696E6-EA9D-47A6-8A61-3FB9D739F1DE}"
	ProjectSection(ProjectDependencies) = postProject
		{EBC7AEA7-2C20-4E76-9114-6AEB1E71D69C} = {EBC7AEA7-2C20-4E76-9114-6AEB1E71D69C}
		{86AE9E43-E916-4DC2-9440-F15F9E014671} = {86AE9E43-E916-4DC2-9440-F15F9E014671}
		{01F38D8D-977C-42AA-8926-16D054600B4E} = {01F38D8D-977C-42AA-8926-16D054600B4E}
		{9481B929-1CCC-4D2D-AE2D-A5081AF374F3} = {9481B929-1CCC-4D2D-AE2D-A5081AF374F3}
		{84D23598-3F69-4082-BC62-602D13A61FB9} = {84D23598-3F69-4082-BC62-602D13A61FB9}
	EndProjectSection
EndProject
Project("{8BC9CEB8-8B4A-11D0-8D11-00A0C91BC942}") = "AppConcaveDemo", "Demos\ConcaveDemo\AppConcaveDemo.vcxproj", "{0AD60951-4B43-407A-87BC-243897FE4CDB}"
	ProjectSection(ProjectDependencies) = postProject
		{EBC7AEA7-2C20-4E76-9114-6AEB1E71D69C} = {EBC7AEA7-2C20-4E76-9114-6AEB1E71D69C}
		{86AE9E43-E916-4DC2-9440-F15F9E014671} = {86AE9E43-E916-4DC2-9440-F15F9E014671}
		{42AB6218-1FE6-42AB-AB32-8D6306022333} = {42AB6218-1FE6-42AB-AB32-8D6306022333}
		{9D99BC6C-B4FD-4A6B-9D86-74A60B309C7E} = {9D99BC6C-B4FD-4A6B-9D86-74A60B309C7E}
		{01F38D8D-977C-42AA-8926-16D054600B4E} = {01F38D8D-977C-42AA-8926-16D054600B4E}
		{9481B929-1CCC-4D2D-AE2D-A5081AF374F3} = {9481B929-1CCC-4D2D-AE2D-A5081AF374F3}
		{84D23598-3F69-4082-BC62-602D13A61FB9} = {84D23598-3F69-4082-BC62-602D13A61FB9}
	EndProjectSection
EndProject
Project("{8BC9CEB8-8B4A-11D0-8D11-00A0C91BC942}") = "AppConcaveRayCastDemo", "Demos\ConcaveRaycastDemo\AppConcaveRayCastDemo.vcxproj", "{5F70BA3D-9568-44AE-A50F-EE29AF8505A2}"
	ProjectSection(ProjectDependencies) = postProject
		{EBC7AEA7-2C20-4E76-9114-6AEB1E71D69C} = {EBC7AEA7-2C20-4E76-9114-6AEB1E71D69C}
		{86AE9E43-E916-4DC2-9440-F15F9E014671} = {86AE9E43-E916-4DC2-9440-F15F9E014671}
		{01F38D8D-977C-42AA-8926-16D054600B4E} = {01F38D8D-977C-42AA-8926-16D054600B4E}
		{9481B929-1CCC-4D2D-AE2D-A5081AF374F3} = {9481B929-1CCC-4D2D-AE2D-A5081AF374F3}
		{84D23598-3F69-4082-BC62-602D13A61FB9} = {84D23598-3F69-4082-BC62-602D13A61FB9}
	EndProjectSection
EndProject
Project("{8BC9CEB8-8B4A-11D0-8D11-00A0C91BC942}") = "AppConstraintDemo", "Demos\ConstraintDemo\AppConstraintDemo.vcxproj", "{8C1811EF-E14D-44EF-B38C-DC36883EFF32}"
	ProjectSection(ProjectDependencies) = postProject
		{EBC7AEA7-2C20-4E76-9114-6AEB1E71D69C} = {EBC7AEA7-2C20-4E76-9114-6AEB1E71D69C}
		{86AE9E43-E916-4DC2-9440-F15F9E014671} = {86AE9E43-E916-4DC2-9440-F15F9E014671}
		{42AB6218-1FE6-42AB-AB32-8D6306022333} = {42AB6218-1FE6-42AB-AB32-8D6306022333}
		{9D99BC6C-B4FD-4A6B-9D86-74A60B309C7E} = {9D99BC6C-B4FD-4A6B-9D86-74A60B309C7E}
		{01F38D8D-977C-42AA-8926-16D054600B4E} = {01F38D8D-977C-42AA-8926-16D054600B4E}
		{9481B929-1CCC-4D2D-AE2D-A5081AF374F3} = {9481B929-1CCC-4D2D-AE2D-A5081AF374F3}
		{84D23598-3F69-4082-BC62-602D13A61FB9} = {84D23598-3F69-4082-BC62-602D13A61FB9}
	EndProjectSection
EndProject
Project("{8BC9CEB8-8B4A-11D0-8D11-00A0C91BC942}") = "AppContinuousConvexCollisionDemo", "Demos\ContinuousConvexCollision\AppContinuousConvexCollisionDemo.vcxproj", "{583962FD-D270-49C4-9D0F-ADFCA5A0376D}"
	ProjectSection(ProjectDependencies) = postProject
		{EBC7AEA7-2C20-4E76-9114-6AEB1E71D69C} = {EBC7AEA7-2C20-4E76-9114-6AEB1E71D69C}
		{86AE9E43-E916-4DC2-9440-F15F9E014671} = {86AE9E43-E916-4DC2-9440-F15F9E014671}
		{01F38D8D-977C-42AA-8926-16D054600B4E} = {01F38D8D-977C-42AA-8926-16D054600B4E}
		{9481B929-1CCC-4D2D-AE2D-A5081AF374F3} = {9481B929-1CCC-4D2D-AE2D-A5081AF374F3}
		{84D23598-3F69-4082-BC62-602D13A61FB9} = {84D23598-3F69-4082-BC62-602D13A61FB9}
	EndProjectSection
EndProject
Project("{8BC9CEB8-8B4A-11D0-8D11-00A0C91BC942}") = "AppConvexDecompositionDemo", "Demos\ConvexDecompositionDemo\AppConvexDecompositionDemo.vcxproj", "{822C1B29-AAED-4AB2-BB22-7290056A5382}"
	ProjectSection(ProjectDependencies) = postProject
		{EBC7AEA7-2C20-4E76-9114-6AEB1E71D69C} = {EBC7AEA7-2C20-4E76-9114-6AEB1E71D69C}
		{86AE9E43-E916-4DC2-9440-F15F9E014671} = {86AE9E43-E916-4DC2-9440-F15F9E014671}
		{42AB6218-1FE6-42AB-AB32-8D6306022333} = {42AB6218-1FE6-42AB-AB32-8D6306022333}
		{9D99BC6C-B4FD-4A6B-9D86-74A60B309C7E} = {9D99BC6C-B4FD-4A6B-9D86-74A60B309C7E}
		{3B664241-EB13-45F7-9638-0238E5F6681A} = {3B664241-EB13-45F7-9638-0238E5F6681A}
		{52F31ED1-ACAD-4C19-BA47-39AC64C5FC4D} = {52F31ED1-ACAD-4C19-BA47-39AC64C5FC4D}
		{01F38D8D-977C-42AA-8926-16D054600B4E} = {01F38D8D-977C-42AA-8926-16D054600B4E}
		{9481B929-1CCC-4D2D-AE2D-A5081AF374F3} = {9481B929-1CCC-4D2D-AE2D-A5081AF374F3}
		{84D23598-3F69-4082-BC62-602D13A61FB9} = {84D23598-3F69-4082-BC62-602D13A61FB9}
	EndProjectSection
EndProject
Project("{8BC9CEB8-8B4A-11D0-8D11-00A0C91BC942}") = "AppConvexHullDistanceDemo", "Demos\ConvexHullDistance\AppConvexHullDistanceDemo.vcxproj", "{EA8E70EC-7C24-4A71-A00C-512B9F580719}"
	ProjectSection(ProjectDependencies) = postProject
		{EBC7AEA7-2C20-4E76-9114-6AEB1E71D69C} = {EBC7AEA7-2C20-4E76-9114-6AEB1E71D69C}
		{86AE9E43-E916-4DC2-9440-F15F9E014671} = {86AE9E43-E916-4DC2-9440-F15F9E014671}
		{01F38D8D-977C-42AA-8926-16D054600B4E} = {01F38D8D-977C-42AA-8926-16D054600B4E}
		{9481B929-1CCC-4D2D-AE2D-A5081AF374F3} = {9481B929-1CCC-4D2D-AE2D-A5081AF374F3}
		{84D23598-3F69-4082-BC62-602D13A61FB9} = {84D23598-3F69-4082-BC62-602D13A61FB9}
	EndProjectSection
EndProject
Project("{8BC9CEB8-8B4A-11D0-8D11-00A0C91BC942}") = "AppDoublePrecisionDemo", "Demos\DoublePrecisionDemo\AppDoublePrecisionDemo.vcxproj", "{BFF5EF15-ABFF-4BE7-8364-3F2CF0FB2D64}"
	ProjectSection(ProjectDependencies) = postProject
		{EBC7AEA7-2C20-4E76-9114-6AEB1E71D69C} = {EBC7AEA7-2C20-4E76-9114-6AEB1E71D69C}
		{86AE9E43-E916-4DC2-9440-F15F9E014671} = {86AE9E43-E916-4DC2-9440-F15F9E014671}
		{01F38D8D-977C-42AA-8926-16D054600B4E} = {01F38D8D-977C-42AA-8926-16D054600B4E}
		{9481B929-1CCC-4D2D-AE2D-A5081AF374F3} = {9481B929-1CCC-4D2D-AE2D-A5081AF374F3}
		{84D23598-3F69-4082-BC62-602D13A61FB9} = {84D23598-3F69-4082-BC62-602D13A61FB9}
	EndProjectSection
EndProject
Project("{8BC9CEB8-8B4A-11D0-8D11-00A0C91BC942}") = "AppFeatherstoneMultiBodyDemo", "Demos\FeatherstoneMultiBodyDemo\AppFeatherstoneMultiBodyDemo.vcxproj", "{489FAA86-C506-42E8-A1DB-416A199557F7}"
	ProjectSection(ProjectDependencies) = postProject
		{EBC7AEA7-2C20-4E76-9114-6AEB1E71D69C} = {EBC7AEA7-2C20-4E76-9114-6AEB1E71D69C}
		{86AE9E43-E916-4DC2-9440-F15F9E014671} = {86AE9E43-E916-4DC2-9440-F15F9E014671}
		{01F38D8D-977C-42AA-8926-16D054600B4E} = {01F38D8D-977C-42AA-8926-16D054600B4E}
		{9481B929-1CCC-4D2D-AE2D-A5081AF374F3} = {9481B929-1CCC-4D2D-AE2D-A5081AF374F3}
		{84D23598-3F69-4082-BC62-602D13A61FB9} = {84D23598-3F69-4082-BC62-602D13A61FB9}
	EndProjectSection
EndProject
Project("{8BC9CEB8-8B4A-11D0-8D11-00A0C91BC942}") = "AppForkLiftDemo", "Demos\ForkLiftDemo\AppForkLiftDemo.vcxproj", "{057A1406-A2F4-4554-B3D8-B9AA93A2D055}"
	ProjectSection(ProjectDependencies) = postProject
		{EBC7AEA7-2C20-4E76-9114-6AEB1E71D69C} = {EBC7AEA7-2C20-4E76-9114-6AEB1E71D69C}
		{86AE9E43-E916-4DC2-9440-F15F9E014671} = {86AE9E43-E916-4DC2-9440-F15F9E014671}
		{01F38D8D-977C-42AA-8926-16D054600B4E} = {01F38D8D-977C-42AA-8926-16D054600B4E}
		{9481B929-1CCC-4D2D-AE2D-A5081AF374F3} = {9481B929-1CCC-4D2D-AE2D-A5081AF374F3}
		{84D23598-3F69-4082-BC62-602D13A61FB9} = {84D23598-3F69-4082-BC62-602D13A61FB9}
	EndProjectSection
EndProject
Project("{8BC9CEB8-8B4A-11D0-8D11-00A0C91BC942}") = "AppFractureDemo", "Demos\FractureDemo\AppFractureDemo.vcxproj", "{D7C177C6-0189-4864-B4C3-292A690A31F6}"
	ProjectSection(ProjectDependencies) = postProject
		{EBC7AEA7-2C20-4E76-9114-6AEB1E71D69C} = {EBC7AEA7-2C20-4E76-9114-6AEB1E71D69C}
		{86AE9E43-E916-4DC2-9440-F15F9E014671} = {86AE9E43-E916-4DC2-9440-F15F9E014671}
		{01F38D8D-977C-42AA-8926-16D054600B4E} = {01F38D8D-977C-42AA-8926-16D054600B4E}
		{9481B929-1CCC-4D2D-AE2D-A5081AF374F3} = {9481B929-1CCC-4D2D-AE2D-A5081AF374F3}
		{84D23598-3F69-4082-BC62-602D13A61FB9} = {84D23598-3F69-4082-BC62-602D13A61FB9}
	EndProjectSection
EndProject
Project("{8BC9CEB8-8B4A-11D0-8D11-00A0C91BC942}") = "AppGenericJointDemo", "Demos\GenericJointDemo\AppGenericJointDemo.vcxproj", "{D3215860-CA02-4B76-9F1E-987A4D38957A}"
	ProjectSection(ProjectDependencies) = postProject
		{EBC7AEA7-2C20-4E76-9114-6AEB1E71D69C} = {EBC7AEA7-2C20-4E76-9114-6AEB1E71D69C}
		{86AE9E43-E916-4DC2-9440-F15F9E014671} = {86AE9E43-E916-4DC2-9440-F15F9E014671}
		{01F38D8D-977C-42AA-8926-16D054600B4E} = {01F38D8D-977C-42AA-8926-16D054600B4E}
		{9481B929-1CCC-4D2D-AE2D-A5081AF374F3} = {9481B929-1CCC-4D2D-AE2D-A5081AF374F3}
		{84D23598-3F69-4082-BC62-602D13A61FB9} = {84D23598-3F69-4082-BC62-602D13A61FB9}
	EndProjectSection
EndProject
Project("{8BC9CEB8-8B4A-11D0-8D11-00A0C91BC942}") = "AppGyroscopicDemo", "Demos\GyroscopicDemo\AppGyroscopicDemo.vcxproj", "{255E01FD-89EF-4785-9488-AF9953F24E80}"
	ProjectSection(ProjectDependencies) = postProject
		{EBC7AEA7-2C20-4E76-9114-6AEB1E71D69C} = {EBC7AEA7-2C20-4E76-9114-6AEB1E71D69C}
		{86AE9E43-E916-4DC2-9440-F15F9E014671} = {86AE9E43-E916-4DC2-9440-F15F9E014671}
		{42AB6218-1FE6-42AB-AB32-8D6306022333} = {42AB6218-1FE6-42AB-AB32-8D6306022333}
		{9D99BC6C-B4FD-4A6B-9D86-74A60B309C7E} = {9D99BC6C-B4FD-4A6B-9D86-74A60B309C7E}
		{01F38D8D-977C-42AA-8926-16D054600B4E} = {01F38D8D-977C-42AA-8926-16D054600B4E}
		{9481B929-1CCC-4D2D-AE2D-A5081AF374F3} = {9481B929-1CCC-4D2D-AE2D-A5081AF374F3}
		{84D23598-3F69-4082-BC62-602D13A61FB9} = {84D23598-3F69-4082-BC62-602D13A61FB9}
	EndProjectSection
EndProject
Project("{8BC9CEB8-8B4A-11D0-8D11-00A0C91BC942}") = "AppHelloWorld", "Demos\HelloWorld\AppHelloWorld.vcxproj", "{DFEC8640-8E45-4C81-9D85-0A9B414096A6}"
	ProjectSection(ProjectDependencies) = postProject
		{EBC7AEA7-2C20-4E76-9114-6AEB1E71D69C} = {EBC7AEA7-2C20-4E76-9114-6AEB1E71D69C}
		{86AE9E43-E916-4DC2-9440-F15F9E014671} = {86AE9E43-E916-4DC2-9440-F15F9E014671}
		{01F38D8D-977C-42AA-8926-16D054600B4E} = {01F38D8D-977C-42AA-8926-16D054600B4E}
		{84D23598-3F69-4082-BC62-602D13A61FB9} = {84D23598-3F69-4082-BC62-602D13A61FB9}
	EndProjectSection
EndProject
Project("{8BC9CEB8-8B4A-11D0-8D11-00A0C91BC942}") = "AppInternalEdgeDemo", "Demos\InternalEdgeDemo\AppInternalEdgeDemo.vcxproj", "{0DBF642C-0732-4F07-9F09-942786ECAAE7}"
	ProjectSection(ProjectDependencies) = postProject
		{EBC7AEA7-2C20-4E76-9114-6AEB1E71D69C} = {EBC7AEA7-2C20-4E76-9114-6AEB1E71D69C}
		{86AE9E43-E916-4DC2-9440-F15F9E014671} = {86AE9E43-E916-4DC2-9440-F15F9E014671}
		{01F38D8D-977C-42AA-8926-16D054600B4E} = {01F38D8D-977C-42AA-8926-16D054600B4E}
		{9481B929-1CCC-4D2D-AE2D-A5081AF374F3} = {9481B929-1CCC-4D2D-AE2D-A5081AF374F3}
		{84D23598-3F69-4082-BC62-602D13A61FB9} = {84D23598-3F69-4082-BC62-602D13A61FB9}
	EndProjectSection
EndProject
Project("{8BC9CEB8-8B4A-11D0-8D11-00A0C91BC942}") = "AppLinearConvexCastDemo", "Demos\GjkConvexCastDemo\AppLinearConvexCastDemo.vcxproj", "{0F8977EC-8E9A-4A31-9E16-6240E18391F1}"
	ProjectSection(ProjectDependencies) = postProject
		{EBC7AEA7-2C20-4E76-9114-6AEB1E71D69C} = {EBC7AEA7-2C20-4E76-9114-6AEB1E71D69C}
		{86AE9E43-E916-4DC2-9440-F15F9E014671} = {86AE9E43-E916-4DC2-9440-F15F9E014671}
		{01F38D8D-977C-42AA-8926-16D054600B4E} = {01F38D8D-977C-42AA-8926-16D054600B4E}
		{9481B929-1CCC-4D2D-AE2D-A5081AF374F3} = {9481B929-1CCC-4D2D-AE2D-A5081AF374F3}
		{84D23598-3F69-4082-BC62-602D13A61FB9} = {84D23598-3F69-4082-BC62-602D13A61FB9}
	EndProjectSection
EndProject
Project("{8BC9CEB8-8B4A-11D0-8D11-00A0C91BC942}") = "AppMotorDemo", "Demos\DynamicControlDemo\AppMotorDemo.vcxproj", "{AF1C41A2-C4AC-4BB1-ABA6-F7A473EDCE8D}"
	ProjectSection(ProjectDependencies) = postProject
		{EBC7AEA7-2C20-4E76-9114-6AEB1E71D69C} = {EBC7AEA7-2C20-4E76-9114-6AEB1E71D69C}
		{86AE9E43-E916-4DC2-9440-F15F9E014671} = {86AE9E43-E916-4DC2-9440-F15F9E014671}
		{01F38D8D-977C-42AA-8926-16D054600B4E} = {01F38D8D-977C-42AA-8926-16D054600B4E}
		{9481B929-1CCC-4D2D-AE2D-A5081AF374F3} = {9481B929-1CCC-4D2D-AE2D-A5081AF374F3}
		{84D23598-3F69-4082-BC62-602D13A61FB9} = {84D23598-3F69-4082-BC62-602D13A61FB9}
	EndProjectSection
EndProject
Project("{8BC9CEB8-8B4A-11D0-8D11-00A0C91BC942}") = "AppMovingConcaveDemo", "Demos\MovingConcaveDemo\AppMovingConcaveDemo.vcxproj", "{23AFB3E5-5BDC-4FCB-9BE6-F632DD8BBEE1}"
	ProjectSection(ProjectDependencies) = postProject
		{EBC7AEA7-2C20-4E76-9114-6AEB1E71D69C} = {EBC7AEA7-2C20-4E76-9114-6AEB1E71D69C}
		{86AE9E43-E916-4DC2-9440-F15F9E014671} = {86AE9E43-E916-4DC2-9440-F15F9E014671}
		{01F38D8D-977C-42AA-8926-16D054600B4E} = {01F38D8D-977C-42AA-8926-16D054600B4E}
		{9481B929-1CCC-4D2D-AE2D-A5081AF374F3} = {9481B929-1CCC-4D2D-AE2D-A5081AF374F3}
		{84D23598-3F69-4082-BC62-602D13A61FB9} = {84D23598-3F69-4082-BC62-602D13A61FB9}
	EndProjectSection
EndProject
Project("{8BC9CEB8-8B4A-11D0-8D11-00A0C91BC942}") = "AppMultiMaterialDemo", "Demos\MultiMaterialDemo\AppMultiMaterialDemo.vcxproj", "{2E9B5931-C7DD-4025-A4F0-A88E133543C5}"
	ProjectSection(ProjectDependencies) = postProject
		{EBC7AEA7-2C20-4E76-9114-6AEB1E71D69C} = {EBC7AEA7-2C20-4E76-9114-6AEB1E71D69C}
		{86AE9E43-E916-4DC2-9440-F15F9E014671} = {86AE9E43-E916-4DC2-9440-F15F9E014671}
		{01F38D8D-977C-42AA-8926-16D054600B4E} = {01F38D8D-977C-42AA-8926-16D054600B4E}
		{9481B929-1CCC-4D2D-AE2D-A5081AF374F3} = {9481B929-1CCC-4D2D-AE2D-A5081AF374F3}
		{84D23598-3F69-4082-BC62-602D13A61FB9} = {84D23598-3F69-4082-BC62-602D13A61FB9}
	EndProjectSection
EndProject
Project("{8BC9CEB8-8B4A-11D0-8D11-00A0C91BC942}") = "AppMultiThreadedDemo", "Demos\MultiThreadedDemo\AppMultiThreadedDemo.vcxproj", "{02487BAC-72AC-4DAB-AFFD-94AACB77F7BF}"
	ProjectSection(ProjectDependencies) = postProject
		{EBC7AEA7-2C20-4E76-9114-6AEB1E71D69C} = {EBC7AEA7-2C20-4E76-9114-6AEB1E71D69C}
		{86AE9E43-E916-4DC2-9440-F15F9E014671} = {86AE9E43-E916-4DC2-9440-F15F9E014671}
		{E31689F4-0508-4348-8966-B8AE3B098526} = {E31689F4-0508-4348-8966-B8AE3B098526}
		{01F38D8D-977C-42AA-8926-16D054600B4E} = {01F38D8D-977C-42AA-8926-16D054600B4E}
		{9481B929-1CCC-4D2D-AE2D-A5081AF374F3} = {9481B929-1CCC-4D2D-AE2D-A5081AF374F3}
		{84D23598-3F69-4082-BC62-602D13A61FB9} = {84D23598-3F69-4082-BC62-602D13A61FB9}
	EndProjectSection
EndProject
Project("{8BC9CEB8-8B4A-11D0-8D11-00A0C91BC942}") = "AppOpenCLClothDemo_Mini", "Demos\OpenCLClothDemo\MiniCL\AppOpenCLClothDemo_Mini.vcxproj", "{657BD5D8-625A-4083-9E87-FF29A45A9EC8}"
	ProjectSection(ProjectDependencies) = postProject
		{EBC7AEA7-2C20-4E76-9114-6AEB1E71D69C} = {EBC7AEA7-2C20-4E76-9114-6AEB1E71D69C}
		{86AE9E43-E916-4DC2-9440-F15F9E014671} = {86AE9E43-E916-4DC2-9440-F15F9E014671}
		{E31689F4-0508-4348-8966-B8AE3B098526} = {E31689F4-0508-4348-8966-B8AE3B098526}
		{D7C7DB0C-2887-44F0-889D-519FC8C6CB54} = {D7C7DB0C-2887-44F0-889D-519FC8C6CB54}
		{62EBE81F-F72C-484F-8A55-9F5B8C2727C6} = {62EBE81F-F72C-484F-8A55-9F5B8C2727C6}
		{01F38D8D-977C-42AA-8926-16D054600B4E} = {01F38D8D-977C-42AA-8926-16D054600B4E}
		{57990DF1-A22D-4153-9708-A0F6D71B7ED5} = {57990DF1-A22D-4153-9708-A0F6D71B7ED5}
		{9481B929-1CCC-4D2D-AE2D-A5081AF374F3} = {9481B929-1CCC-4D2D-AE2D-A5081AF374F3}
		{84D23598-3F69-4082-BC62-602D13A61FB9} = {84D23598-3F69-4082-BC62-602D13A61FB9}
	EndProjectSection
EndProject
Project("{8BC9CEB8-8B4A-11D0-8D11-00A0C91BC942}") = "AppRagdollDemo", "Demos\RagdollDemo\AppRagdollDemo.vcxproj", "{97361B04-434F-4A8F-B855-2E7DBCFDB309}"
	ProjectSection(ProjectDependencies) = postProject
		{EBC7AEA7-2C20-4E76-9114-6AEB1E71D69C} = {EBC7AEA7-2C20-4E76-9114-6AEB1E71D69C}
		{86AE9E43-E916-4DC2-9440-F15F9E014671} = {86AE9E43-E916-4DC2-9440-F15F9E014671}
		{01F38D8D-977C-42AA-8926-16D054600B4E} = {01F38D8D-977C-42AA-8926-16D054600B4E}
		{9481B929-1CCC-4D2D-AE2D-A5081AF374F3} = {9481B929-1CCC-4D2D-AE2D-A5081AF374F3}
		{84D23598-3F69-4082-BC62-602D13A61FB9} = {84D23598-3F69-4082-BC62-602D13A61FB9}
	EndProjectSection
EndProject
Project("{8BC9CEB8-8B4A-11D0-8D11-00A0C91BC942}") = "AppRaytestDemo", "Demos\RaytestDemo\AppRaytestDemo.vcxproj", "{BE14011A-C8C5-4787-B08A-4747A13307A7}"
	ProjectSection(ProjectDependencies) = postProject
		{EBC7AEA7-2C20-4E76-9114-6AEB1E71D69C} = {EBC7AEA7-2C20-4E76-9114-6AEB1E71D69C}
		{86AE9E43-E916-4DC2-9440-F15F9E014671} = {86AE9E43-E916-4DC2-9440-F15F9E014671}
		{01F38D8D-977C-42AA-8926-16D054600B4E} = {01F38D8D-977C-42AA-8926-16D054600B4E}
		{9481B929-1CCC-4D2D-AE2D-A5081AF374F3} = {9481B929-1CCC-4D2D-AE2D-A5081AF374F3}
		{84D23598-3F69-4082-BC62-602D13A61FB9} = {84D23598-3F69-4082-BC62-602D13A61FB9}
	EndProjectSection
EndProject
Project("{8BC9CEB8-8B4A-11D0-8D11-00A0C91BC942}") = "AppRaytracer", "Demos\Raytracer\AppRaytracer.vcxproj", "{81C5F527-0E8C-4402-B70A-CF2C23171894}"
	ProjectSection(ProjectDependencies) = postProject
		{EBC7AEA7-2C20-4E76-9114-6AEB1E71D69C} = {EBC7AEA7-2C20-4E76-9114-6AEB1E71D69C}
		{86AE9E43-E916-4DC2-9440-F15F9E014671} = {86AE9E43-E916-4DC2-9440-F15F9E014671}
		{01F38D8D-977C-42AA-8926-16D054600B4E} = {01F38D8D-977C-42AA-8926-16D054600B4E}
		{9481B929-1CCC-4D2D-AE2D-A5081AF374F3} = {9481B929-1CCC-4D2D-AE2D-A5081AF374F3}
		{84D23598-3F69-4082-BC62-602D13A61FB9} = {84D23598-3F69-4082-BC62-602D13A61FB9}
	EndProjectSection
EndProject
Project("{8BC9CEB8-8B4A-11D0-8D11-00A0C91BC942}") = "AppRollingFrictionDemo", "Demos\RollingFrictionDemo\AppRollingFrictionDemo.vcxproj", "{1603910D-9E7C-41A9-9F7B-76C6F25B4223}"
	ProjectSection(ProjectDependencies) = postProject
		{EBC7AEA7-2C20-4E76-9114-6AEB1E71D69C} = {EBC7AEA7-2C20-4E76-9114-6AEB1E71D69C}
		{86AE9E43-E916-4DC2-9440-F15F9E014671} = {86AE9E43-E916-4DC2-9440-F15F9E014671}
		{01F38D8D-977C-42AA-8926-16D054600B4E} = {01F38D8D-977C-42AA-8926-16D054600B4E}
		{9481B929-1CCC-4D2D-AE2D-A5081AF374F3} = {9481B929-1CCC-4D2D-AE2D-A5081AF374F3}
		{84D23598-3F69-4082-BC62-602D13A61FB9} = {84D23598-3F69-4082-BC62-602D13A61FB9}
	EndProjectSection
EndProject
Project("{8BC9CEB8-8B4A-11D0-8D11-00A0C91BC942}") = "AppSerializeDemo", "Demos\SerializeDemo\AppSerializeDemo.vcxproj", "{02EB15A7-4581-4ACD-9F30-4CDE72E1AB1E}"
	ProjectSection(ProjectDependencies) = postProject
		{EBC7AEA7-2C20-4E76-9114-6AEB1E71D69C} = {EBC7AEA7-2C20-4E76-9114-6AEB1E71D69C}
		{86AE9E43-E916-4DC2-9440-F15F9E014671} = {86AE9E43-E916-4DC2-9440-F15F9E014671}
		{42AB6218-1FE6-42AB-AB32-8D6306022333} = {42AB6218-1FE6-42AB-AB32-8D6306022333}
		{D7C7DB0C-2887-44F0-889D-519FC8C6CB54} = {D7C7DB0C-2887-44F0-889D-519FC8C6CB54}
		{9D99BC6C-B4FD-4A6B-9D86-74A60B309C7E} = {9D99BC6C-B4FD-4A6B-9D86-74A60B309C7E}
		{01F38D8D-977C-42AA-8926-16D054600B4E} = {01F38D8D-977C-42AA-8926-16D054600B4E}
		{9481B929-1CCC-4D2D-AE2D-A5081AF374F3} = {9481B929-1CCC-4D2D-AE2D-A5081AF374F3}
		{84D23598-3F69-4082-BC62-602D13A61FB9} = {84D23598-3F69-4082-BC62-602D13A61FB9}
	EndProjectSection
EndProject
Project("{8BC9CEB8-8B4A-11D0-8D11-00A0C91BC942}") = "AppSimplexDemo", "Demos\SimplexDemo\AppSimplexDemo.vcxproj", "{36337EEC-6534-4EFB-AFCE-7D9370F8711A}"
	ProjectSection(ProjectDependencies) = postProject
		{EBC7AEA7-2C20-4E76-9114-6AEB1E71D69C} = {EBC7AEA7-2C20-4E76-9114-6AEB1E71D69C}
		{86AE9E43-E916-4DC2-9440-F15F9E014671} = {86AE9E43-E916-4DC2-9440-F15F9E014671}
		{01F38D8D-977C-42AA-8926-16D054600B4E} = {01F38D8D-977C-42AA-8926-16D054600B4E}
		{9481B929-1CCC-4D2D-AE2D-A5081AF374F3} = {9481B929-1CCC-4D2D-AE2D-A5081AF374F3}
		{84D23598-3F69-4082-BC62-602D13A61FB9} = {84D23598-3F69-4082-BC62-602D13A61FB9}
	EndProjectSection
EndProject
Project("{8BC9CEB8-8B4A-11D0-8D11-00A0C91BC942}") = "AppSliderConstraintDemo", "Demos\SliderConstraintDemo\AppSliderConstraintDemo.vcxproj", "{C0DA7160-3F11-4DCC-8925-2FE521A9B914}"
	ProjectSection(ProjectDependencies) = postProject
		{EBC7AEA7-2C20-4E76-9114-6AEB1E71D69C} = {EBC7AEA7-2C20-4E76-9114-6AEB1E71D69C}
		{86AE9E43-E916-4DC2-9440-F15F9E014671} = {86AE9E43-E916-4DC2-9440-F15F9E014671}
		{01F38D8D-977C-42AA-8926-16D054600B4E} = {01F38D8D-977C-42AA-8926-16D054600B4E}
		{9481B929-1CCC-4D2D-AE2D-A5081AF374F3} = {9481B929-1CCC-4D2D-AE2D-A5081AF374F3}
		{84D23598-3F69-4082-BC62-602D13A61FB9} = {84D23598-3F69-4082-BC62-602D13A61FB9}
	EndProjectSection
EndProject
Project("{8BC9CEB8-8B4A-11D0-8D11-00A0C91BC942}") = "AppSoftBodyDemo", "Demos\SoftDemo\AppSoftBodyDemo.vcxproj", "{90B09113-A659-465D-A252-C2E699E50882}"
	ProjectSection(ProjectDependencies) = postProject
		{EBC7AEA7-2C20-4E76-9114-6AEB1E71D69C} = {EBC7AEA7-2C20-4E76-9114-6AEB1E71D69C}
		{86AE9E43-E916-4DC2-9440-F15F9E014671} = {86AE9E43-E916-4DC2-9440-F15F9E014671}
		{D7C7DB0C-2887-44F0-889D-519FC8C6CB54} = {D7C7DB0C-2887-44F0-889D-519FC8C6CB54}
		{01F38D8D-977C-42AA-8926-16D054600B4E} = {01F38D8D-977C-42AA-8926-16D054600B4E}
		{9481B929-1CCC-4D2D-AE2D-A5081AF374F3} = {9481B929-1CCC-4D2D-AE2D-A5081AF374F3}
		{84D23598-3F69-4082-BC62-602D13A61FB9} = {84D23598-3F69-4082-BC62-602D13A61FB9}
	EndProjectSection
EndProject
Project("{8BC9CEB8-8B4A-11D0-8D11-00A0C91BC942}") = "AppThreadingDemo", "Demos\ThreadingDemo\AppThreadingDemo.vcxproj", "{36AEBB3C-D545-4CBE-B495-BE80DDB5DCA2}"
	ProjectSection(ProjectDependencies) = postProject
		{EBC7AEA7-2C20-4E76-9114-6AEB1E71D69C} = {EBC7AEA7-2C20-4E76-9114-6AEB1E71D69C}
		{86AE9E43-E916-4DC2-9440-F15F9E014671} = {86AE9E43-E916-4DC2-9440-F15F9E014671}
		{E31689F4-0508-4348-8966-B8AE3B098526} = {E31689F4-0508-4348-8966-B8AE3B098526}
		{01F38D8D-977C-42AA-8926-16D054600B4E} = {01F38D8D-977C-42AA-8926-16D054600B4E}
		{84D23598-3F69-4082-BC62-602D13A61FB9} = {84D23598-3F69-4082-BC62-602D13A61FB9}
	EndProjectSection
EndProject
Project("{8BC9CEB8-8B4A-11D0-8D11-00A0C91BC942}") = "AppUserCollisionAlgorithm", "Demos\UserCollisionAlgorithm\AppUserCollisionAlgorithm.vcxproj", "{1CB654E7-0E4A-4FB8-972D-58E4B448BF64}"
	ProjectSection(ProjectDependencies) = postProject
		{EBC7AEA7-2C20-4E76-9114-6AEB1E71D69C} = {EBC7AEA7-2C20-4E76-9114-6AEB1E71D69C}
		{86AE9E43-E916-4DC2-9440-F15F9E014671} = {86AE9E43-E916-4DC2-9440-F15F9E014671}
		{01F38D8D-977C-42AA-8926-16D054600B4E} = {01F38D8D-977C-42AA-8926-16D054600B4E}
		{9481B929-1CCC-4D2D-AE2D-A5081AF374F3} = {9481B929-1CCC-4D2D-AE2D-A5081AF374F3}
		{84D23598-3F69-4082-BC62-602D13A61FB9} = {84D23598-3F69-4082-BC62-602D13A61FB9}
	EndProjectSection
EndProject
Project("{8BC9CEB8-8B4A-11D0-8D11-00A0C91BC942}") = "AppVectorAdd_Mini", "Demos\VectorAdd_OpenCL\MiniCL\AppVectorAdd_Mini.vcxproj", "{3C658CB0-F452-4C00-AEF1-F1D12884A26C}"
	ProjectSection(ProjectDependencies) = postProject
		{E31689F4-0508-4348-8966-B8AE3B098526} = {E31689F4-0508-4348-8966-B8AE3B098526}
		{01F38D8D-977C-42AA-8926-16D054600B4E} = {01F38D8D-977C-42AA-8926-16D054600B4E}
		{57990DF1-A22D-4153-9708-A0F6D71B7ED5} = {57990DF1-A22D-4153-9708-A0F6D71B7ED5}
		{84D23598-3F69-4082-BC62-602D13A61FB9} = {84D23598-3F69-4082-BC62-602D13A61FB9}
	EndProjectSection
EndProject
Project("{8BC9CEB8-8B4A-11D0-8D11-00A0C91BC942}") = "AppVehicleDemo", "Demos\VehicleDemo\AppVehicleDemo.vcxproj", "{32A12BC2-D877-4E69-9189-003862211F52}"
	ProjectSection(ProjectDependencies) = postProject
		{EBC7AEA7-2C20-4E76-9114-6AEB1E71D69C} = {EBC7AEA7-2C20-4E76-9114-6AEB1E71D69C}
		{86AE9E43-E916-4DC2-9440-F15F9E014671} = {86AE9E43-E916-4DC2-9440-F15F9E014671}
		{01F38D8D-977C-42AA-8926-16D054600B4E} = {01F38D8D-977C-42AA-8926-16D054600B4E}
		{9481B929-1CCC-4D2D-AE2D-A5081AF374F3} = {9481B929-1CCC-4D2D-AE2D-A5081AF374F3}
		{84D23598-3F69-4082-BC62-602D13A61FB9} = {84D23598-3F69-4082-BC62-602D13A61FB9}
	EndProjectSection
EndProject
Project("{8BC9CEB8-8B4A-11D0-8D11-00A0C91BC942}") = "AppVoronoiFractureDemo", "Demos\VoronoiFractureDemo\AppVoronoiFractureDemo.vcxproj", "{80545325-E60C-4CB4-9AEA-727B306C710A}"
	ProjectSection(ProjectDependencies) = postProject
		{EBC7AEA7-2C20-4E76-9114-6AEB1E71D69C} = {EBC7AEA7-2C20-4E76-9114-6AEB1E71D69C}
		{86AE9E43-E916-4DC2-9440-F15F9E014671} = {86AE9E43-E916-4DC2-9440-F15F9E014671}
		{01F38D8D-977C-42AA-8926-16D054600B4E} = {01F38D8D-977C-42AA-8926-16D054600B4E}
		{9481B929-1CCC-4D2D-AE2D-A5081AF374F3} = {9481B929-1CCC-4D2D-AE2D-A5081AF374F3}
		{84D23598-3F69-4082-BC62-602D13A61FB9} = {84D23598-3F69-4082-BC62-602D13A61FB9}
	EndProjectSection
EndProject
Project("{8BC9CEB8-8B4A-11D0-8D11-00A0C91BC942}") = "BulletCollision", "src\BulletCollision\BulletCollision.vcxproj", "{EBC7AEA7-2C20-4E76-9114-6AEB1E71D69C}"
	ProjectSection(ProjectDependencies) = postProject
		{84D23598-3F69-4082-BC62-602D13A61FB9} = {84D23598-3F69-4082-BC62-602D13A61FB9}
	EndProjectSection
EndProject
Project("{8BC9CEB8-8B4A-11D0-8D11-00A0C91BC942}") = "BulletDynamics", "src\BulletDynamics\BulletDynamics.vcxproj", "{86AE9E43-E916-4DC2-9440-F15F9E014671}"
	ProjectSection(ProjectDependencies) = postProject
		{84D23598-3F69-4082-BC62-602D13A61FB9} = {84D23598-3F69-4082-BC62-602D13A61FB9}
	EndProjectSection
EndProject
Project("{8BC9CEB8-8B4A-11D0-8D11-00A0C91BC942}") = "BulletFileLoader", "Extras\Serialize\BulletFileLoader\BulletFileLoader.vcxproj", "{42AB6218-1FE6-42AB-AB32-8D6306022333}"
	ProjectSection(ProjectDependencies) = postProject
		{84D23598-3F69-4082-BC62-602D13A61FB9} = {84D23598-3F69-4082-BC62-602D13A61FB9}
	EndProjectSection
EndProject
Project("{8BC9CEB8-8B4A-11D0-8D11-00A0C91BC942}") = "BulletMultiThreaded", "src\BulletMultiThreaded\BulletMultiThreaded.vcxproj", "{E31689F4-0508-4348-8966-B8AE3B098526}"
	ProjectSection(ProjectDependencies) = postProject
		{84D23598-3F69-4082-BC62-602D13A61FB9} = {84D23598-3F69-4082-BC62-602D13A61FB9}
	EndProjectSection
EndProject
Project("{8BC9CEB8-8B4A-11D0-8D11-00A0C91BC942}") = "BulletSoftBody", "src\BulletSoftBody\BulletSoftBody.vcxproj", "{D7C7DB0C-2887-44F0-889D-519FC8C6CB54}"
	ProjectSection(ProjectDependencies) = postProject
		{84D23598-3F69-4082-BC62-602D13A61FB9} = {84D23598-3F69-4082-BC62-602D13A61FB9}
	EndProjectSection
EndProject
Project("{8BC9CEB8-8B4A-11D0-8D11-00A0C91BC942}") = "BulletSoftBodySolvers_OpenCL_Mini", "src\BulletMultiThreaded\GpuSoftBodySolvers\OpenCL\MiniCL\BulletSoftBodySolvers_OpenCL_Mini.vcxproj", "{62EBE81F-F72C-484F-8A55-9F5B8C2727C6}"
	ProjectSection(ProjectDependencies) = postProject
		{84D23598-3F69-4082-BC62-602D13A61FB9} = {84D23598-3F69-4082-BC62-602D13A61FB9}
	EndProjectSection
EndProject
Project("{8BC9CEB8-8B4A-11D0-8D11-00A0C91BC942}") = "BulletWorldImporter", "Extras\Serialize\BulletWorldImporter\BulletWorldImporter.vcxproj", "{9D99BC6C-B4FD-4A6B-9D86-74A60B309C7E}"
	ProjectSection(ProjectDependencies) = postProject
		{84D23598-3F69-4082-BC62-602D13A61FB9} = {84D23598-3F69-4082-BC62-602D13A61FB9}
	EndProjectSection
EndProject
Project("{8BC9CEB8-8B4A-11D0-8D11-00A0C91BC942}") = "BulletXmlWorldImporter", "Extras\Serialize\BulletXmlWorldImporter\BulletXmlWorldImporter.vcxproj", "{2F0A3D1C-13FA-4DFC-BB0A-B2816CDB7618}"
	ProjectSection(ProjectDependencies) = postProject
		{84D23598-3F69-4082-BC62-602D13A61FB9} = {84D23598-3F69-4082-BC62-602D13A61FB9}
	EndProjectSection
EndProject
Project("{8BC9CEB8-8B4A-11D0-8D11-00A0C91BC942}") = "ConvexDecomposition", "Extras\ConvexDecomposition\ConvexDecomposition.vcxproj", "{3B664241-EB13-45F7-9638-0238E5F6681A}"
	ProjectSection(ProjectDependencies) = postProject
		{84D23598-3F69-4082-BC62-602D13A61FB9} = {84D23598-3F69-4082-BC62-602D13A61FB9}
	EndProjectSection
EndProject
Project("{8BC9CEB8-8B4A-11D0-8D11-00A0C91BC942}") = "GIMPACTUtils", "Extras\GIMPACTUtils\GIMPACTUtils.vcxproj", "{DAA661DA-9BDF-448A-878B-943684ACEDA6}"
	ProjectSection(ProjectDependencies) = postProject
		{84D23598-3F69-4082-BC62-602D13A61FB9} = {84D23598-3F69-4082-BC62-602D13A61FB9}
	EndProjectSection
EndProject
Project("{8BC9CEB8-8B4A-11D0-8D11-00A0C91BC942}") = "GLUI", "Extras\glui\GLUI.vcxproj", "{C27DCF29-20C9-47F6-9777-E3C13A3B419B}"
	ProjectSection(ProjectDependencies) = postProject
		{84D23598-3F69-4082-BC62-602D13A61FB9} = {84D23598-3F69-4082-BC62-602D13A61FB9}
	EndProjectSection
EndProject
Project("{8BC9CEB8-8B4A-11D0-8D11-00A0C91BC942}") = "HACD", "Extras\HACD\HACD.vcxproj", "{52F31ED1-ACAD-4C19-BA47-39AC64C5FC4D}"
	ProjectSection(ProjectDependencies) = postProject
		{84D23598-3F69-4082-BC62-602D13A61FB9} = {84D23598-3F69-4082-BC62-602D13A61FB9}
	EndProjectSection
EndProject
Project("{8BC9CEB8-8B4A-11D0-8D11-00A0C91BC942}") = "INSTALL", "INSTALL.vcxproj", "{85A57683-7DFD-4B16-889B-1FE6D1544FBA}"
	ProjectSection(ProjectDependencies) = postProject
		{3C742AFE-04BB-4F05-B917-50865FAE9FFE} = {3C742AFE-04BB-4F05-B917-50865FAE9FFE}
	EndProjectSection
EndProject
Project("{8BC9CEB8-8B4A-11D0-8D11-00A0C91BC942}") = "LinearMath", "src\LinearMath\LinearMath.vcxproj", "{01F38D8D-977C-42AA-8926-16D054600B4E}"
	ProjectSection(ProjectDependencies) = postProject
		{84D23598-3F69-4082-BC62-602D13A61FB9} = {84D23598-3F69-4082-BC62-602D13A61FB9}
	EndProjectSection
EndProject
Project("{8BC9CEB8-8B4A-11D0-8D11-00A0C91BC942}") = "MiniCL", "src\MiniCL\MiniCL.vcxproj", "{57990DF1-A22D-4153-9708-A0F6D71B7ED5}"
	ProjectSection(ProjectDependencies) = postProject
		{84D23598-3F69-4082-BC62-602D13A61FB9} = {84D23598-3F69-4082-BC62-602D13A61FB9}
	EndProjectSection
EndProject
Project("{8BC9CEB8-8B4A-11D0-8D11-00A0C91BC942}") = "OpenGLSupport", "Demos\OpenGL\OpenGLSupport.vcxproj", "{9481B929-1CCC-4D2D-AE2D-A5081AF374F3}"
	ProjectSection(ProjectDependencies) = postProject
		{84D23598-3F69-4082-BC62-602D13A61FB9} = {84D23598-3F69-4082-BC62-602D13A61FB9}
	EndProjectSection
EndProject
Project("{8BC9CEB8-8B4A-11D0-8D11-00A0C91BC942}") = "ZERO_CHECK", "ZERO_CHECK.vcxproj", "{84D23598-3F69-4082-BC62-602D13A61FB9}"
	ProjectSection(ProjectDependencies) = postProject
	EndProjectSection
EndProject
Global
	GlobalSection(SolutionConfigurationPlatforms) = preSolution
		Debug|Win32 = Debug|Win32
		Release|Win32 = Release|Win32
		MinSizeRel|Win32 = MinSizeRel|Win32
		RelWithDebInfo|Win32 = RelWithDebInfo|Win32
	EndGlobalSection
	GlobalSection(ProjectConfigurationPlatforms) = postSolution
		{3C742AFE-04BB-4F05-B917-50865FAE9FFE}.Debug|Win32.ActiveCfg = Debug|Win32
		{3C742AFE-04BB-4F05-B917-50865FAE9FFE}.Debug|Win32.Build.0 = Debug|Win32
		{3C742AFE-04BB-4F05-B917-50865FAE9FFE}.Release|Win32.ActiveCfg = Release|Win32
		{3C742AFE-04BB-4F05-B917-50865FAE9FFE}.Release|Win32.Build.0 = Release|Win32
		{3C742AFE-04BB-4F05-B917-50865FAE9FFE}.MinSizeRel|Win32.ActiveCfg = MinSizeRel|Win32
		{3C742AFE-04BB-4F05-B917-50865FAE9FFE}.MinSizeRel|Win32.Build.0 = MinSizeRel|Win32
		{3C742AFE-04BB-4F05-B917-50865FAE9FFE}.RelWithDebInfo|Win32.ActiveCfg = RelWithDebInfo|Win32
		{3C742AFE-04BB-4F05-B917-50865FAE9FFE}.RelWithDebInfo|Win32.Build.0 = RelWithDebInfo|Win32
		{97AFE7F8-34F3-4D0E-BAA6-47BC5E7DC6A4}.Debug|Win32.ActiveCfg = Debug|Win32
		{97AFE7F8-34F3-4D0E-BAA6-47BC5E7DC6A4}.Debug|Win32.Build.0 = Debug|Win32
		{97AFE7F8-34F3-4D0E-BAA6-47BC5E7DC6A4}.Release|Win32.ActiveCfg = Release|Win32
		{97AFE7F8-34F3-4D0E-BAA6-47BC5E7DC6A4}.Release|Win32.Build.0 = Release|Win32
		{97AFE7F8-34F3-4D0E-BAA6-47BC5E7DC6A4}.MinSizeRel|Win32.ActiveCfg = MinSizeRel|Win32
		{97AFE7F8-34F3-4D0E-BAA6-47BC5E7DC6A4}.MinSizeRel|Win32.Build.0 = MinSizeRel|Win32
		{97AFE7F8-34F3-4D0E-BAA6-47BC5E7DC6A4}.RelWithDebInfo|Win32.ActiveCfg = RelWithDebInfo|Win32
		{97AFE7F8-34F3-4D0E-BAA6-47BC5E7DC6A4}.RelWithDebInfo|Win32.Build.0 = RelWithDebInfo|Win32
		{1E70D3A6-0AFE-471E-B09C-C34CA3EC0E34}.Debug|Win32.ActiveCfg = Debug|Win32
		{1E70D3A6-0AFE-471E-B09C-C34CA3EC0E34}.Debug|Win32.Build.0 = Debug|Win32
		{1E70D3A6-0AFE-471E-B09C-C34CA3EC0E34}.Release|Win32.ActiveCfg = Release|Win32
		{1E70D3A6-0AFE-471E-B09C-C34CA3EC0E34}.Release|Win32.Build.0 = Release|Win32
		{1E70D3A6-0AFE-471E-B09C-C34CA3EC0E34}.MinSizeRel|Win32.ActiveCfg = MinSizeRel|Win32
		{1E70D3A6-0AFE-471E-B09C-C34CA3EC0E34}.MinSizeRel|Win32.Build.0 = MinSizeRel|Win32
		{1E70D3A6-0AFE-471E-B09C-C34CA3EC0E34}.RelWithDebInfo|Win32.ActiveCfg = RelWithDebInfo|Win32
		{1E70D3A6-0AFE-471E-B09C-C34CA3EC0E34}.RelWithDebInfo|Win32.Build.0 = RelWithDebInfo|Win32
		{1628FE5F-79F9-49A3-9CCE-5DC9B0EBED7D}.Debug|Win32.ActiveCfg = Debug|Win32
		{1628FE5F-79F9-49A3-9CCE-5DC9B0EBED7D}.Debug|Win32.Build.0 = Debug|Win32
		{1628FE5F-79F9-49A3-9CCE-5DC9B0EBED7D}.Release|Win32.ActiveCfg = Release|Win32
		{1628FE5F-79F9-49A3-9CCE-5DC9B0EBED7D}.Release|Win32.Build.0 = Release|Win32
		{1628FE5F-79F9-49A3-9CCE-5DC9B0EBED7D}.MinSizeRel|Win32.ActiveCfg = MinSizeRel|Win32
		{1628FE5F-79F9-49A3-9CCE-5DC9B0EBED7D}.MinSizeRel|Win32.Build.0 = MinSizeRel|Win32
		{1628FE5F-79F9-49A3-9CCE-5DC9B0EBED7D}.RelWithDebInfo|Win32.ActiveCfg = RelWithDebInfo|Win32
		{1628FE5F-79F9-49A3-9CCE-5DC9B0EBED7D}.RelWithDebInfo|Win32.Build.0 = RelWithDebInfo|Win32
		{1F2E011A-9A0D-460C-A09B-8C33787D533A}.Debug|Win32.ActiveCfg = Debug|Win32
		{1F2E011A-9A0D-460C-A09B-8C33787D533A}.Debug|Win32.Build.0 = Debug|Win32
		{1F2E011A-9A0D-460C-A09B-8C33787D533A}.Release|Win32.ActiveCfg = Release|Win32
		{1F2E011A-9A0D-460C-A09B-8C33787D533A}.Release|Win32.Build.0 = Release|Win32
		{1F2E011A-9A0D-460C-A09B-8C33787D533A}.MinSizeRel|Win32.ActiveCfg = MinSizeRel|Win32
		{1F2E011A-9A0D-460C-A09B-8C33787D533A}.MinSizeRel|Win32.Build.0 = MinSizeRel|Win32
		{1F2E011A-9A0D-460C-A09B-8C33787D533A}.RelWithDebInfo|Win32.ActiveCfg = RelWithDebInfo|Win32
		{1F2E011A-9A0D-460C-A09B-8C33787D533A}.RelWithDebInfo|Win32.Build.0 = RelWithDebInfo|Win32
		{9BDE0108-E347-4CE2-9B28-30DF711D0F1C}.Debug|Win32.ActiveCfg = Debug|Win32
		{9BDE0108-E347-4CE2-9B28-30DF711D0F1C}.Debug|Win32.Build.0 = Debug|Win32
		{9BDE0108-E347-4CE2-9B28-30DF711D0F1C}.Release|Win32.ActiveCfg = Release|Win32
		{9BDE0108-E347-4CE2-9B28-30DF711D0F1C}.Release|Win32.Build.0 = Release|Win32
		{9BDE0108-E347-4CE2-9B28-30DF711D0F1C}.MinSizeRel|Win32.ActiveCfg = MinSizeRel|Win32
		{9BDE0108-E347-4CE2-9B28-30DF711D0F1C}.MinSizeRel|Win32.Build.0 = MinSizeRel|Win32
		{9BDE0108-E347-4CE2-9B28-30DF711D0F1C}.RelWithDebInfo|Win32.ActiveCfg = RelWithDebInfo|Win32
		{9BDE0108-E347-4CE2-9B28-30DF711D0F1C}.RelWithDebInfo|Win32.Build.0 = RelWithDebInfo|Win32
		{0F63CEF5-E123-4343-97BD-AC8220EFB9A6}.Debug|Win32.ActiveCfg = Debug|Win32
		{0F63CEF5-E123-4343-97BD-AC8220EFB9A6}.Debug|Win32.Build.0 = Debug|Win32
		{0F63CEF5-E123-4343-97BD-AC8220EFB9A6}.Release|Win32.ActiveCfg = Release|Win32
		{0F63CEF5-E123-4343-97BD-AC8220EFB9A6}.Release|Win32.Build.0 = Release|Win32
		{0F63CEF5-E123-4343-97BD-AC8220EFB9A6}.MinSizeRel|Win32.ActiveCfg = MinSizeRel|Win32
		{0F63CEF5-E123-4343-97BD-AC8220EFB9A6}.MinSizeRel|Win32.Build.0 = MinSizeRel|Win32
		{0F63CEF5-E123-4343-97BD-AC8220EFB9A6}.RelWithDebInfo|Win32.ActiveCfg = RelWithDebInfo|Win32
		{0F63CEF5-E123-4343-97BD-AC8220EFB9A6}.RelWithDebInfo|Win32.Build.0 = RelWithDebInfo|Win32
		{88B9EE92-2699-4365-B0ED-F1A8A15C7B8F}.Debug|Win32.ActiveCfg = Debug|Win32
		{88B9EE92-2699-4365-B0ED-F1A8A15C7B8F}.Debug|Win32.Build.0 = Debug|Win32
		{88B9EE92-2699-4365-B0ED-F1A8A15C7B8F}.Release|Win32.ActiveCfg = Release|Win32
		{88B9EE92-2699-4365-B0ED-F1A8A15C7B8F}.Release|Win32.Build.0 = Release|Win32
		{88B9EE92-2699-4365-B0ED-F1A8A15C7B8F}.MinSizeRel|Win32.ActiveCfg = MinSizeRel|Win32
		{88B9EE92-2699-4365-B0ED-F1A8A15C7B8F}.MinSizeRel|Win32.Build.0 = MinSizeRel|Win32
		{88B9EE92-2699-4365-B0ED-F1A8A15C7B8F}.RelWithDebInfo|Win32.ActiveCfg = RelWithDebInfo|Win32
		{88B9EE92-2699-4365-B0ED-F1A8A15C7B8F}.RelWithDebInfo|Win32.Build.0 = RelWithDebInfo|Win32
		{FCC24656-267E-43FA-8CC7-6F2CA4D70A15}.Debug|Win32.ActiveCfg = Debug|Win32
		{FCC24656-267E-43FA-8CC7-6F2CA4D70A15}.Debug|Win32.Build.0 = Debug|Win32
		{FCC24656-267E-43FA-8CC7-6F2CA4D70A15}.Release|Win32.ActiveCfg = Release|Win32
		{FCC24656-267E-43FA-8CC7-6F2CA4D70A15}.Release|Win32.Build.0 = Release|Win32
		{FCC24656-267E-43FA-8CC7-6F2CA4D70A15}.MinSizeRel|Win32.ActiveCfg = MinSizeRel|Win32
		{FCC24656-267E-43FA-8CC7-6F2CA4D70A15}.MinSizeRel|Win32.Build.0 = MinSizeRel|Win32
		{FCC24656-267E-43FA-8CC7-6F2CA4D70A15}.RelWithDebInfo|Win32.ActiveCfg = RelWithDebInfo|Win32
		{FCC24656-267E-43FA-8CC7-6F2CA4D70A15}.RelWithDebInfo|Win32.Build.0 = RelWithDebInfo|Win32
		{3DB601D1-153F-4DC9-A6EA-DEA58A0B151D}.Debug|Win32.ActiveCfg = Debug|Win32
		{3DB601D1-153F-4DC9-A6EA-DEA58A0B151D}.Debug|Win32.Build.0 = Debug|Win32
		{3DB601D1-153F-4DC9-A6EA-DEA58A0B151D}.Release|Win32.ActiveCfg = Release|Win32
		{3DB601D1-153F-4DC9-A6EA-DEA58A0B151D}.Release|Win32.Build.0 = Release|Win32
		{3DB601D1-153F-4DC9-A6EA-DEA58A0B151D}.MinSizeRel|Win32.ActiveCfg = MinSizeRel|Win32
		{3DB601D1-153F-4DC9-A6EA-DEA58A0B151D}.MinSizeRel|Win32.Build.0 = MinSizeRel|Win32
		{3DB601D1-153F-4DC9-A6EA-DEA58A0B151D}.RelWithDebInfo|Win32.ActiveCfg = RelWithDebInfo|Win32
		{3DB601D1-153F-4DC9-A6EA-DEA58A0B151D}.RelWithDebInfo|Win32.Build.0 = RelWithDebInfo|Win32
		{E8D3B57E-FDCD-4CCF-A796-2173EC201144}.Debug|Win32.ActiveCfg = Debug|Win32
		{E8D3B57E-FDCD-4CCF-A796-2173EC201144}.Debug|Win32.Build.0 = Debug|Win32
		{E8D3B57E-FDCD-4CCF-A796-2173EC201144}.Release|Win32.ActiveCfg = Release|Win32
		{E8D3B57E-FDCD-4CCF-A796-2173EC201144}.Release|Win32.Build.0 = Release|Win32
		{E8D3B57E-FDCD-4CCF-A796-2173EC201144}.MinSizeRel|Win32.ActiveCfg = MinSizeRel|Win32
		{E8D3B57E-FDCD-4CCF-A796-2173EC201144}.MinSizeRel|Win32.Build.0 = MinSizeRel|Win32
		{E8D3B57E-FDCD-4CCF-A796-2173EC201144}.RelWithDebInfo|Win32.ActiveCfg = RelWithDebInfo|Win32
		{E8D3B57E-FDCD-4CCF-A796-2173EC201144}.RelWithDebInfo|Win32.Build.0 = RelWithDebInfo|Win32
		{3D0696E6-EA9D-47A6-8A61-3FB9D739F1DE}.Debug|Win32.ActiveCfg = Debug|Win32
		{3D0696E6-EA9D-47A6-8A61-3FB9D739F1DE}.Debug|Win32.Build.0 = Debug|Win32
		{3D0696E6-EA9D-47A6-8A61-3FB9D739F1DE}.Release|Win32.ActiveCfg = Release|Win32
		{3D0696E6-EA9D-47A6-8A61-3FB9D739F1DE}.Release|Win32.Build.0 = Release|Win32
		{3D0696E6-EA9D-47A6-8A61-3FB9D739F1DE}.MinSizeRel|Win32.ActiveCfg = MinSizeRel|Win32
		{3D0696E6-EA9D-47A6-8A61-3FB9D739F1DE}.MinSizeRel|Win32.Build.0 = MinSizeRel|Win32
		{3D0696E6-EA9D-47A6-8A61-3FB9D739F1DE}.RelWithDebInfo|Win32.ActiveCfg = RelWithDebInfo|Win32
		{3D0696E6-EA9D-47A6-8A61-3FB9D739F1DE}.RelWithDebInfo|Win32.Build.0 = RelWithDebInfo|Win32
		{0AD60951-4B43-407A-87BC-243897FE4CDB}.Debug|Win32.ActiveCfg = Debug|Win32
		{0AD60951-4B43-407A-87BC-243897FE4CDB}.Debug|Win32.Build.0 = Debug|Win32
		{0AD60951-4B43-407A-87BC-243897FE4CDB}.Release|Win32.ActiveCfg = Release|Win32
		{0AD60951-4B43-407A-87BC-243897FE4CDB}.Release|Win32.Build.0 = Release|Win32
		{0AD60951-4B43-407A-87BC-243897FE4CDB}.MinSizeRel|Win32.ActiveCfg = MinSizeRel|Win32
		{0AD60951-4B43-407A-87BC-243897FE4CDB}.MinSizeRel|Win32.Build.0 = MinSizeRel|Win32
		{0AD60951-4B43-407A-87BC-243897FE4CDB}.RelWithDebInfo|Win32.ActiveCfg = RelWithDebInfo|Win32
		{0AD60951-4B43-407A-87BC-243897FE4CDB}.RelWithDebInfo|Win32.Build.0 = RelWithDebInfo|Win32
		{5F70BA3D-9568-44AE-A50F-EE29AF8505A2}.Debug|Win32.ActiveCfg = Debug|Win32
		{5F70BA3D-9568-44AE-A50F-EE29AF8505A2}.Debug|Win32.Build.0 = Debug|Win32
		{5F70BA3D-9568-44AE-A50F-EE29AF8505A2}.Release|Win32.ActiveCfg = Release|Win32
		{5F70BA3D-9568-44AE-A50F-EE29AF8505A2}.Release|Win32.Build.0 = Release|Win32
		{5F70BA3D-9568-44AE-A50F-EE29AF8505A2}.MinSizeRel|Win32.ActiveCfg = MinSizeRel|Win32
		{5F70BA3D-9568-44AE-A50F-EE29AF8505A2}.MinSizeRel|Win32.Build.0 = MinSizeRel|Win32
		{5F70BA3D-9568-44AE-A50F-EE29AF8505A2}.RelWithDebInfo|Win32.ActiveCfg = RelWithDebInfo|Win32
		{5F70BA3D-9568-44AE-A50F-EE29AF8505A2}.RelWithDebInfo|Win32.Build.0 = RelWithDebInfo|Win32
		{8C1811EF-E14D-44EF-B38C-DC36883EFF32}.Debug|Win32.ActiveCfg = Debug|Win32
		{8C1811EF-E14D-44EF-B38C-DC36883EFF32}.Debug|Win32.Build.0 = Debug|Win32
		{8C1811EF-E14D-44EF-B38C-DC36883EFF32}.Release|Win32.ActiveCfg = Release|Win32
		{8C1811EF-E14D-44EF-B38C-DC36883EFF32}.Release|Win32.Build.0 = Release|Win32
		{8C1811EF-E14D-44EF-B38C-DC36883EFF32}.MinSizeRel|Win32.ActiveCfg = MinSizeRel|Win32
		{8C1811EF-E14D-44EF-B38C-DC36883EFF32}.MinSizeRel|Win32.Build.0 = MinSizeRel|Win32
		{8C1811EF-E14D-44EF-B38C-DC36883EFF32}.RelWithDebInfo|Win32.ActiveCfg = RelWithDebInfo|Win32
		{8C1811EF-E14D-44EF-B38C-DC36883EFF32}.RelWithDebInfo|Win32.Build.0 = RelWithDebInfo|Win32
		{583962FD-D270-49C4-9D0F-ADFCA5A0376D}.Debug|Win32.ActiveCfg = Debug|Win32
		{583962FD-D270-49C4-9D0F-ADFCA5A0376D}.Debug|Win32.Build.0 = Debug|Win32
		{583962FD-D270-49C4-9D0F-ADFCA5A0376D}.Release|Win32.ActiveCfg = Release|Win32
		{583962FD-D270-49C4-9D0F-ADFCA5A0376D}.Release|Win32.Build.0 = Release|Win32
		{583962FD-D270-49C4-9D0F-ADFCA5A0376D}.MinSizeRel|Win32.ActiveCfg = MinSizeRel|Win32
		{583962FD-D270-49C4-9D0F-ADFCA5A0376D}.MinSizeRel|Win32.Build.0 = MinSizeRel|Win32
		{583962FD-D270-49C4-9D0F-ADFCA5A0376D}.RelWithDebInfo|Win32.ActiveCfg = RelWithDebInfo|Win32
		{583962FD-D270-49C4-9D0F-ADFCA5A0376D}.RelWithDebInfo|Win32.Build.0 = RelWithDebInfo|Win32
		{822C1B29-AAED-4AB2-BB22-7290056A5382}.Debug|Win32.ActiveCfg = Debug|Win32
		{822C1B29-AAED-4AB2-BB22-7290056A5382}.Debug|Win32.Build.0 = Debug|Win32
		{822C1B29-AAED-4AB2-BB22-7290056A5382}.Release|Win32.ActiveCfg = Release|Win32
		{822C1B29-AAED-4AB2-BB22-7290056A5382}.Release|Win32.Build.0 = Release|Win32
		{822C1B29-AAED-4AB2-BB22-7290056A5382}.MinSizeRel|Win32.ActiveCfg = MinSizeRel|Win32
		{822C1B29-AAED-4AB2-BB22-7290056A5382}.MinSizeRel|Win32.Build.0 = MinSizeRel|Win32
		{822C1B29-AAED-4AB2-BB22-7290056A5382}.RelWithDebInfo|Win32.ActiveCfg = RelWithDebInfo|Win32
		{822C1B29-AAED-4AB2-BB22-7290056A5382}.RelWithDebInfo|Win32.Build.0 = RelWithDebInfo|Win32
		{EA8E70EC-7C24-4A71-A00C-512B9F580719}.Debug|Win32.ActiveCfg = Debug|Win32
		{EA8E70EC-7C24-4A71-A00C-512B9F580719}.Debug|Win32.Build.0 = Debug|Win32
		{EA8E70EC-7C24-4A71-A00C-512B9F580719}.Release|Win32.ActiveCfg = Release|Win32
		{EA8E70EC-7C24-4A71-A00C-512B9F580719}.Release|Win32.Build.0 = Release|Win32
		{EA8E70EC-7C24-4A71-A00C-512B9F580719}.MinSizeRel|Win32.ActiveCfg = MinSizeRel|Win32
		{EA8E70EC-7C24-4A71-A00C-512B9F580719}.MinSizeRel|Win32.Build.0 = MinSizeRel|Win32
		{EA8E70EC-7C24-4A71-A00C-512B9F580719}.RelWithDebInfo|Win32.ActiveCfg = RelWithDebInfo|Win32
		{EA8E70EC-7C24-4A71-A00C-512B9F580719}.RelWithDebInfo|Win32.Build.0 = RelWithDebInfo|Win32
		{BFF5EF15-ABFF-4BE7-8364-3F2CF0FB2D64}.Debug|Win32.ActiveCfg = Debug|Win32
		{BFF5EF15-ABFF-4BE7-8364-3F2CF0FB2D64}.Debug|Win32.Build.0 = Debug|Win32
		{BFF5EF15-ABFF-4BE7-8364-3F2CF0FB2D64}.Release|Win32.ActiveCfg = Release|Win32
		{BFF5EF15-ABFF-4BE7-8364-3F2CF0FB2D64}.Release|Win32.Build.0 = Release|Win32
		{BFF5EF15-ABFF-4BE7-8364-3F2CF0FB2D64}.MinSizeRel|Win32.ActiveCfg = MinSizeRel|Win32
		{BFF5EF15-ABFF-4BE7-8364-3F2CF0FB2D64}.MinSizeRel|Win32.Build.0 = MinSizeRel|Win32
		{BFF5EF15-ABFF-4BE7-8364-3F2CF0FB2D64}.RelWithDebInfo|Win32.ActiveCfg = RelWithDebInfo|Win32
		{BFF5EF15-ABFF-4BE7-8364-3F2CF0FB2D64}.RelWithDebInfo|Win32.Build.0 = RelWithDebInfo|Win32
		{489FAA86-C506-42E8-A1DB-416A199557F7}.Debug|Win32.ActiveCfg = Debug|Win32
		{489FAA86-C506-42E8-A1DB-416A199557F7}.Debug|Win32.Build.0 = Debug|Win32
		{489FAA86-C506-42E8-A1DB-416A199557F7}.Release|Win32.ActiveCfg = Release|Win32
		{489FAA86-C506-42E8-A1DB-416A199557F7}.Release|Win32.Build.0 = Release|Win32
		{489FAA86-C506-42E8-A1DB-416A199557F7}.MinSizeRel|Win32.ActiveCfg = MinSizeRel|Win32
		{489FAA86-C506-42E8-A1DB-416A199557F7}.MinSizeRel|Win32.Build.0 = MinSizeRel|Win32
		{489FAA86-C506-42E8-A1DB-416A199557F7}.RelWithDebInfo|Win32.ActiveCfg = RelWithDebInfo|Win32
		{489FAA86-C506-42E8-A1DB-416A199557F7}.RelWithDebInfo|Win32.Build.0 = RelWithDebInfo|Win32
		{057A1406-A2F4-4554-B3D8-B9AA93A2D055}.Debug|Win32.ActiveCfg = Debug|Win32
		{057A1406-A2F4-4554-B3D8-B9AA93A2D055}.Debug|Win32.Build.0 = Debug|Win32
		{057A1406-A2F4-4554-B3D8-B9AA93A2D055}.Release|Win32.ActiveCfg = Release|Win32
		{057A1406-A2F4-4554-B3D8-B9AA93A2D055}.Release|Win32.Build.0 = Release|Win32
		{057A1406-A2F4-4554-B3D8-B9AA93A2D055}.MinSizeRel|Win32.ActiveCfg = MinSizeRel|Win32
		{057A1406-A2F4-4554-B3D8-B9AA93A2D055}.MinSizeRel|Win32.Build.0 = MinSizeRel|Win32
		{057A1406-A2F4-4554-B3D8-B9AA93A2D055}.RelWithDebInfo|Win32.ActiveCfg = RelWithDebInfo|Win32
		{057A1406-A2F4-4554-B3D8-B9AA93A2D055}.RelWithDebInfo|Win32.Build.0 = RelWithDebInfo|Win32
		{D7C177C6-0189-4864-B4C3-292A690A31F6}.Debug|Win32.ActiveCfg = Debug|Win32
		{D7C177C6-0189-4864-B4C3-292A690A31F6}.Debug|Win32.Build.0 = Debug|Win32
		{D7C177C6-0189-4864-B4C3-292A690A31F6}.Release|Win32.ActiveCfg = Release|Win32
		{D7C177C6-0189-4864-B4C3-292A690A31F6}.Release|Win32.Build.0 = Release|Win32
		{D7C177C6-0189-4864-B4C3-292A690A31F6}.MinSizeRel|Win32.ActiveCfg = MinSizeRel|Win32
		{D7C177C6-0189-4864-B4C3-292A690A31F6}.MinSizeRel|Win32.Build.0 = MinSizeRel|Win32
		{D7C177C6-0189-4864-B4C3-292A690A31F6}.RelWithDebInfo|Win32.ActiveCfg = RelWithDebInfo|Win32
		{D7C177C6-0189-4864-B4C3-292A690A31F6}.RelWithDebInfo|Win32.Build.0 = RelWithDebInfo|Win32
		{D3215860-CA02-4B76-9F1E-987A4D38957A}.Debug|Win32.ActiveCfg = Debug|Win32
		{D3215860-CA02-4B76-9F1E-987A4D38957A}.Debug|Win32.Build.0 = Debug|Win32
		{D3215860-CA02-4B76-9F1E-987A4D38957A}.Release|Win32.ActiveCfg = Release|Win32
		{D3215860-CA02-4B76-9F1E-987A4D38957A}.Release|Win32.Build.0 = Release|Win32
		{D3215860-CA02-4B76-9F1E-987A4D38957A}.MinSizeRel|Win32.ActiveCfg = MinSizeRel|Win32
		{D3215860-CA02-4B76-9F1E-987A4D38957A}.MinSizeRel|Win32.Build.0 = MinSizeRel|Win32
		{D3215860-CA02-4B76-9F1E-987A4D38957A}.RelWithDebInfo|Win32.ActiveCfg = RelWithDebInfo|Win32
		{D3215860-CA02-4B76-9F1E-987A4D38957A}.RelWithDebInfo|Win32.Build.0 = RelWithDebInfo|Win32
		{255E01FD-89EF-4785-9488-AF9953F24E80}.Debug|Win32.ActiveCfg = Debug|Win32
		{255E01FD-89EF-4785-9488-AF9953F24E80}.Debug|Win32.Build.0 = Debug|Win32
		{255E01FD-89EF-4785-9488-AF9953F24E80}.Release|Win32.ActiveCfg = Release|Win32
		{255E01FD-89EF-4785-9488-AF9953F24E80}.Release|Win32.Build.0 = Release|Win32
		{255E01FD-89EF-4785-9488-AF9953F24E80}.MinSizeRel|Win32.ActiveCfg = MinSizeRel|Win32
		{255E01FD-89EF-4785-9488-AF9953F24E80}.MinSizeRel|Win32.Build.0 = MinSizeRel|Win32
		{255E01FD-89EF-4785-9488-AF9953F24E80}.RelWithDebInfo|Win32.ActiveCfg = RelWithDebInfo|Win32
		{255E01FD-89EF-4785-9488-AF9953F24E80}.RelWithDebInfo|Win32.Build.0 = RelWithDebInfo|Win32
		{DFEC8640-8E45-4C81-9D85-0A9B414096A6}.Debug|Win32.ActiveCfg = Debug|Win32
		{DFEC8640-8E45-4C81-9D85-0A9B414096A6}.Debug|Win32.Build.0 = Debug|Win32
		{DFEC8640-8E45-4C81-9D85-0A9B414096A6}.Release|Win32.ActiveCfg = Release|Win32
		{DFEC8640-8E45-4C81-9D85-0A9B414096A6}.Release|Win32.Build.0 = Release|Win32
		{DFEC8640-8E45-4C81-9D85-0A9B414096A6}.MinSizeRel|Win32.ActiveCfg = MinSizeRel|Win32
		{DFEC8640-8E45-4C81-9D85-0A9B414096A6}.MinSizeRel|Win32.Build.0 = MinSizeRel|Win32
		{DFEC8640-8E45-4C81-9D85-0A9B414096A6}.RelWithDebInfo|Win32.ActiveCfg = RelWithDebInfo|Win32
		{DFEC8640-8E45-4C81-9D85-0A9B414096A6}.RelWithDebInfo|Win32.Build.0 = RelWithDebInfo|Win32
		{0DBF642C-0732-4F07-9F09-942786ECAAE7}.Debug|Win32.ActiveCfg = Debug|Win32
		{0DBF642C-0732-4F07-9F09-942786ECAAE7}.Debug|Win32.Build.0 = Debug|Win32
		{0DBF642C-0732-4F07-9F09-942786ECAAE7}.Release|Win32.ActiveCfg = Release|Win32
		{0DBF642C-0732-4F07-9F09-942786ECAAE7}.Release|Win32.Build.0 = Release|Win32
		{0DBF642C-0732-4F07-9F09-942786ECAAE7}.MinSizeRel|Win32.ActiveCfg = MinSizeRel|Win32
		{0DBF642C-0732-4F07-9F09-942786ECAAE7}.MinSizeRel|Win32.Build.0 = MinSizeRel|Win32
		{0DBF642C-0732-4F07-9F09-942786ECAAE7}.RelWithDebInfo|Win32.ActiveCfg = RelWithDebInfo|Win32
		{0DBF642C-0732-4F07-9F09-942786ECAAE7}.RelWithDebInfo|Win32.Build.0 = RelWithDebInfo|Win32
		{0F8977EC-8E9A-4A31-9E16-6240E18391F1}.Debug|Win32.ActiveCfg = Debug|Win32
		{0F8977EC-8E9A-4A31-9E16-6240E18391F1}.Debug|Win32.Build.0 = Debug|Win32
		{0F8977EC-8E9A-4A31-9E16-6240E18391F1}.Release|Win32.ActiveCfg = Release|Win32
		{0F8977EC-8E9A-4A31-9E16-6240E18391F1}.Release|Win32.Build.0 = Release|Win32
		{0F8977EC-8E9A-4A31-9E16-6240E18391F1}.MinSizeRel|Win32.ActiveCfg = MinSizeRel|Win32
		{0F8977EC-8E9A-4A31-9E16-6240E18391F1}.MinSizeRel|Win32.Build.0 = MinSizeRel|Win32
		{0F8977EC-8E9A-4A31-9E16-6240E18391F1}.RelWithDebInfo|Win32.ActiveCfg = RelWithDebInfo|Win32
		{0F8977EC-8E9A-4A31-9E16-6240E18391F1}.RelWithDebInfo|Win32.Build.0 = RelWithDebInfo|Win32
		{AF1C41A2-C4AC-4BB1-ABA6-F7A473EDCE8D}.Debug|Win32.ActiveCfg = Debug|Win32
		{AF1C41A2-C4AC-4BB1-ABA6-F7A473EDCE8D}.Debug|Win32.Build.0 = Debug|Win32
		{AF1C41A2-C4AC-4BB1-ABA6-F7A473EDCE8D}.Release|Win32.ActiveCfg = Release|Win32
		{AF1C41A2-C4AC-4BB1-ABA6-F7A473EDCE8D}.Release|Win32.Build.0 = Release|Win32
		{AF1C41A2-C4AC-4BB1-ABA6-F7A473EDCE8D}.MinSizeRel|Win32.ActiveCfg = MinSizeRel|Win32
		{AF1C41A2-C4AC-4BB1-ABA6-F7A473EDCE8D}.MinSizeRel|Win32.Build.0 = MinSizeRel|Win32
		{AF1C41A2-C4AC-4BB1-ABA6-F7A473EDCE8D}.RelWithDebInfo|Win32.ActiveCfg = RelWithDebInfo|Win32
		{AF1C41A2-C4AC-4BB1-ABA6-F7A473EDCE8D}.RelWithDebInfo|Win32.Build.0 = RelWithDebInfo|Win32
		{23AFB3E5-5BDC-4FCB-9BE6-F632DD8BBEE1}.Debug|Win32.ActiveCfg = Debug|Win32
		{23AFB3E5-5BDC-4FCB-9BE6-F632DD8BBEE1}.Debug|Win32.Build.0 = Debug|Win32
		{23AFB3E5-5BDC-4FCB-9BE6-F632DD8BBEE1}.Release|Win32.ActiveCfg = Release|Win32
		{23AFB3E5-5BDC-4FCB-9BE6-F632DD8BBEE1}.Release|Win32.Build.0 = Release|Win32
		{23AFB3E5-5BDC-4FCB-9BE6-F632DD8BBEE1}.MinSizeRel|Win32.ActiveCfg = MinSizeRel|Win32
		{23AFB3E5-5BDC-4FCB-9BE6-F632DD8BBEE1}.MinSizeRel|Win32.Build.0 = MinSizeRel|Win32
		{23AFB3E5-5BDC-4FCB-9BE6-F632DD8BBEE1}.RelWithDebInfo|Win32.ActiveCfg = RelWithDebInfo|Win32
		{23AFB3E5-5BDC-4FCB-9BE6-F632DD8BBEE1}.RelWithDebInfo|Win32.Build.0 = RelWithDebInfo|Win32
		{2E9B5931-C7DD-4025-A4F0-A88E133543C5}.Debug|Win32.ActiveCfg = Debug|Win32
		{2E9B5931-C7DD-4025-A4F0-A88E133543C5}.Debug|Win32.Build.0 = Debug|Win32
		{2E9B5931-C7DD-4025-A4F0-A88E133543C5}.Release|Win32.ActiveCfg = Release|Win32
		{2E9B5931-C7DD-4025-A4F0-A88E133543C5}.Release|Win32.Build.0 = Release|Win32
		{2E9B5931-C7DD-4025-A4F0-A88E133543C5}.MinSizeRel|Win32.ActiveCfg = MinSizeRel|Win32
		{2E9B5931-C7DD-4025-A4F0-A88E133543C5}.MinSizeRel|Win32.Build.0 = MinSizeRel|Win32
		{2E9B5931-C7DD-4025-A4F0-A88E133543C5}.RelWithDebInfo|Win32.ActiveCfg = RelWithDebInfo|Win32
		{2E9B5931-C7DD-4025-A4F0-A88E133543C5}.RelWithDebInfo|Win32.Build.0 = RelWithDebInfo|Win32
		{02487BAC-72AC-4DAB-AFFD-94AACB77F7BF}.Debug|Win32.ActiveCfg = Debug|Win32
		{02487BAC-72AC-4DAB-AFFD-94AACB77F7BF}.Debug|Win32.Build.0 = Debug|Win32
		{02487BAC-72AC-4DAB-AFFD-94AACB77F7BF}.Release|Win32.ActiveCfg = Release|Win32
		{02487BAC-72AC-4DAB-AFFD-94AACB77F7BF}.Release|Win32.Build.0 = Release|Win32
		{02487BAC-72AC-4DAB-AFFD-94AACB77F7BF}.MinSizeRel|Win32.ActiveCfg = MinSizeRel|Win32
		{02487BAC-72AC-4DAB-AFFD-94AACB77F7BF}.MinSizeRel|Win32.Build.0 = MinSizeRel|Win32
		{02487BAC-72AC-4DAB-AFFD-94AACB77F7BF}.RelWithDebInfo|Win32.ActiveCfg = RelWithDebInfo|Win32
		{02487BAC-72AC-4DAB-AFFD-94AACB77F7BF}.RelWithDebInfo|Win32.Build.0 = RelWithDebInfo|Win32
		{657BD5D8-625A-4083-9E87-FF29A45A9EC8}.Debug|Win32.ActiveCfg = Debug|Win32
		{657BD5D8-625A-4083-9E87-FF29A45A9EC8}.Debug|Win32.Build.0 = Debug|Win32
		{657BD5D8-625A-4083-9E87-FF29A45A9EC8}.Release|Win32.ActiveCfg = Release|Win32
		{657BD5D8-625A-4083-9E87-FF29A45A9EC8}.Release|Win32.Build.0 = Release|Win32
		{657BD5D8-625A-4083-9E87-FF29A45A9EC8}.MinSizeRel|Win32.ActiveCfg = MinSizeRel|Win32
		{657BD5D8-625A-4083-9E87-FF29A45A9EC8}.MinSizeRel|Win32.Build.0 = MinSizeRel|Win32
		{657BD5D8-625A-4083-9E87-FF29A45A9EC8}.RelWithDebInfo|Win32.ActiveCfg = RelWithDebInfo|Win32
		{657BD5D8-625A-4083-9E87-FF29A45A9EC8}.RelWithDebInfo|Win32.Build.0 = RelWithDebInfo|Win32
		{97361B04-434F-4A8F-B855-2E7DBCFDB309}.Debug|Win32.ActiveCfg = Debug|Win32
		{97361B04-434F-4A8F-B855-2E7DBCFDB309}.Debug|Win32.Build.0 = Debug|Win32
		{97361B04-434F-4A8F-B855-2E7DBCFDB309}.Release|Win32.ActiveCfg = Release|Win32
		{97361B04-434F-4A8F-B855-2E7DBCFDB309}.Release|Win32.Build.0 = Release|Win32
		{97361B04-434F-4A8F-B855-2E7DBCFDB309}.MinSizeRel|Win32.ActiveCfg = MinSizeRel|Win32
		{97361B04-434F-4A8F-B855-2E7DBCFDB309}.MinSizeRel|Win32.Build.0 = MinSizeRel|Win32
		{97361B04-434F-4A8F-B855-2E7DBCFDB309}.RelWithDebInfo|Win32.ActiveCfg = RelWithDebInfo|Win32
		{97361B04-434F-4A8F-B855-2E7DBCFDB309}.RelWithDebInfo|Win32.Build.0 = RelWithDebInfo|Win32
		{BE14011A-C8C5-4787-B08A-4747A13307A7}.Debug|Win32.ActiveCfg = Debug|Win32
		{BE14011A-C8C5-4787-B08A-4747A13307A7}.Debug|Win32.Build.0 = Debug|Win32
		{BE14011A-C8C5-4787-B08A-4747A13307A7}.Release|Win32.ActiveCfg = Release|Win32
		{BE14011A-C8C5-4787-B08A-4747A13307A7}.Release|Win32.Build.0 = Release|Win32
		{BE14011A-C8C5-4787-B08A-4747A13307A7}.MinSizeRel|Win32.ActiveCfg = MinSizeRel|Win32
		{BE14011A-C8C5-4787-B08A-4747A13307A7}.MinSizeRel|Win32.Build.0 = MinSizeRel|Win32
		{BE14011A-C8C5-4787-B08A-4747A13307A7}.RelWithDebInfo|Win32.ActiveCfg = RelWithDebInfo|Win32
		{BE14011A-C8C5-4787-B08A-4747A13307A7}.RelWithDebInfo|Win32.Build.0 = RelWithDebInfo|Win32
		{81C5F527-0E8C-4402-B70A-CF2C23171894}.Debug|Win32.ActiveCfg = Debug|Win32
		{81C5F527-0E8C-4402-B70A-CF2C23171894}.Debug|Win32.Build.0 = Debug|Win32
		{81C5F527-0E8C-4402-B70A-CF2C23171894}.Release|Win32.ActiveCfg = Release|Win32
		{81C5F527-0E8C-4402-B70A-CF2C23171894}.Release|Win32.Build.0 = Release|Win32
		{81C5F527-0E8C-4402-B70A-CF2C23171894}.MinSizeRel|Win32.ActiveCfg = MinSizeRel|Win32
		{81C5F527-0E8C-4402-B70A-CF2C23171894}.MinSizeRel|Win32.Build.0 = MinSizeRel|Win32
		{81C5F527-0E8C-4402-B70A-CF2C23171894}.RelWithDebInfo|Win32.ActiveCfg = RelWithDebInfo|Win32
		{81C5F527-0E8C-4402-B70A-CF2C23171894}.RelWithDebInfo|Win32.Build.0 = RelWithDebInfo|Win32
		{1603910D-9E7C-41A9-9F7B-76C6F25B4223}.Debug|Win32.ActiveCfg = Debug|Win32
		{1603910D-9E7C-41A9-9F7B-76C6F25B4223}.Debug|Win32.Build.0 = Debug|Win32
		{1603910D-9E7C-41A9-9F7B-76C6F25B4223}.Release|Win32.ActiveCfg = Release|Win32
		{1603910D-9E7C-41A9-9F7B-76C6F25B4223}.Release|Win32.Build.0 = Release|Win32
		{1603910D-9E7C-41A9-9F7B-76C6F25B4223}.MinSizeRel|Win32.ActiveCfg = MinSizeRel|Win32
		{1603910D-9E7C-41A9-9F7B-76C6F25B4223}.MinSizeRel|Win32.Build.0 = MinSizeRel|Win32
		{1603910D-9E7C-41A9-9F7B-76C6F25B4223}.RelWithDebInfo|Win32.ActiveCfg = RelWithDebInfo|Win32
		{1603910D-9E7C-41A9-9F7B-76C6F25B4223}.RelWithDebInfo|Win32.Build.0 = RelWithDebInfo|Win32
		{02EB15A7-4581-4ACD-9F30-4CDE72E1AB1E}.Debug|Win32.ActiveCfg = Debug|Win32
		{02EB15A7-4581-4ACD-9F30-4CDE72E1AB1E}.Debug|Win32.Build.0 = Debug|Win32
		{02EB15A7-4581-4ACD-9F30-4CDE72E1AB1E}.Release|Win32.ActiveCfg = Release|Win32
		{02EB15A7-4581-4ACD-9F30-4CDE72E1AB1E}.Release|Win32.Build.0 = Release|Win32
		{02EB15A7-4581-4ACD-9F30-4CDE72E1AB1E}.MinSizeRel|Win32.ActiveCfg = MinSizeRel|Win32
		{02EB15A7-4581-4ACD-9F30-4CDE72E1AB1E}.MinSizeRel|Win32.Build.0 = MinSizeRel|Win32
		{02EB15A7-4581-4ACD-9F30-4CDE72E1AB1E}.RelWithDebInfo|Win32.ActiveCfg = RelWithDebInfo|Win32
		{02EB15A7-4581-4ACD-9F30-4CDE72E1AB1E}.RelWithDebInfo|Win32.Build.0 = RelWithDebInfo|Win32
		{36337EEC-6534-4EFB-AFCE-7D9370F8711A}.Debug|Win32.ActiveCfg = Debug|Win32
		{36337EEC-6534-4EFB-AFCE-7D9370F8711A}.Debug|Win32.Build.0 = Debug|Win32
		{36337EEC-6534-4EFB-AFCE-7D9370F8711A}.Release|Win32.ActiveCfg = Release|Win32
		{36337EEC-6534-4EFB-AFCE-7D9370F8711A}.Release|Win32.Build.0 = Release|Win32
		{36337EEC-6534-4EFB-AFCE-7D9370F8711A}.MinSizeRel|Win32.ActiveCfg = MinSizeRel|Win32
		{36337EEC-6534-4EFB-AFCE-7D9370F8711A}.MinSizeRel|Win32.Build.0 = MinSizeRel|Win32
		{36337EEC-6534-4EFB-AFCE-7D9370F8711A}.RelWithDebInfo|Win32.ActiveCfg = RelWithDebInfo|Win32
		{36337EEC-6534-4EFB-AFCE-7D9370F8711A}.RelWithDebInfo|Win32.Build.0 = RelWithDebInfo|Win32
		{C0DA7160-3F11-4DCC-8925-2FE521A9B914}.Debug|Win32.ActiveCfg = Debug|Win32
		{C0DA7160-3F11-4DCC-8925-2FE521A9B914}.Debug|Win32.Build.0 = Debug|Win32
		{C0DA7160-3F11-4DCC-8925-2FE521A9B914}.Release|Win32.ActiveCfg = Release|Win32
		{C0DA7160-3F11-4DCC-8925-2FE521A9B914}.Release|Win32.Build.0 = Release|Win32
		{C0DA7160-3F11-4DCC-8925-2FE521A9B914}.MinSizeRel|Win32.ActiveCfg = MinSizeRel|Win32
		{C0DA7160-3F11-4DCC-8925-2FE521A9B914}.MinSizeRel|Win32.Build.0 = MinSizeRel|Win32
		{C0DA7160-3F11-4DCC-8925-2FE521A9B914}.RelWithDebInfo|Win32.ActiveCfg = RelWithDebInfo|Win32
		{C0DA7160-3F11-4DCC-8925-2FE521A9B914}.RelWithDebInfo|Win32.Build.0 = RelWithDebInfo|Win32
		{90B09113-A659-465D-A252-C2E699E50882}.Debug|Win32.ActiveCfg = Debug|Win32
		{90B09113-A659-465D-A252-C2E699E50882}.Debug|Win32.Build.0 = Debug|Win32
		{90B09113-A659-465D-A252-C2E699E50882}.Release|Win32.ActiveCfg = Release|Win32
		{90B09113-A659-465D-A252-C2E699E50882}.Release|Win32.Build.0 = Release|Win32
		{90B09113-A659-465D-A252-C2E699E50882}.MinSizeRel|Win32.ActiveCfg = MinSizeRel|Win32
		{90B09113-A659-465D-A252-C2E699E50882}.MinSizeRel|Win32.Build.0 = MinSizeRel|Win32
		{90B09113-A659-465D-A252-C2E699E50882}.RelWithDebInfo|Win32.ActiveCfg = RelWithDebInfo|Win32
		{90B09113-A659-465D-A252-C2E699E50882}.RelWithDebInfo|Win32.Build.0 = RelWithDebInfo|Win32
		{36AEBB3C-D545-4CBE-B495-BE80DDB5DCA2}.Debug|Win32.ActiveCfg = Debug|Win32
		{36AEBB3C-D545-4CBE-B495-BE80DDB5DCA2}.Debug|Win32.Build.0 = Debug|Win32
		{36AEBB3C-D545-4CBE-B495-BE80DDB5DCA2}.Release|Win32.ActiveCfg = Release|Win32
		{36AEBB3C-D545-4CBE-B495-BE80DDB5DCA2}.Release|Win32.Build.0 = Release|Win32
		{36AEBB3C-D545-4CBE-B495-BE80DDB5DCA2}.MinSizeRel|Win32.ActiveCfg = MinSizeRel|Win32
		{36AEBB3C-D545-4CBE-B495-BE80DDB5DCA2}.MinSizeRel|Win32.Build.0 = MinSizeRel|Win32
		{36AEBB3C-D545-4CBE-B495-BE80DDB5DCA2}.RelWithDebInfo|Win32.ActiveCfg = RelWithDebInfo|Win32
		{36AEBB3C-D545-4CBE-B495-BE80DDB5DCA2}.RelWithDebInfo|Win32.Build.0 = RelWithDebInfo|Win32
		{1CB654E7-0E4A-4FB8-972D-58E4B448BF64}.Debug|Win32.ActiveCfg = Debug|Win32
		{1CB654E7-0E4A-4FB8-972D-58E4B448BF64}.Debug|Win32.Build.0 = Debug|Win32
		{1CB654E7-0E4A-4FB8-972D-58E4B448BF64}.Release|Win32.ActiveCfg = Release|Win32
		{1CB654E7-0E4A-4FB8-972D-58E4B448BF64}.Release|Win32.Build.0 = Release|Win32
		{1CB654E7-0E4A-4FB8-972D-58E4B448BF64}.MinSizeRel|Win32.ActiveCfg = MinSizeRel|Win32
		{1CB654E7-0E4A-4FB8-972D-58E4B448BF64}.MinSizeRel|Win32.Build.0 = MinSizeRel|Win32
		{1CB654E7-0E4A-4FB8-972D-58E4B448BF64}.RelWithDebInfo|Win32.ActiveCfg = RelWithDebInfo|Win32
		{1CB654E7-0E4A-4FB8-972D-58E4B448BF64}.RelWithDebInfo|Win32.Build.0 = RelWithDebInfo|Win32
		{3C658CB0-F452-4C00-AEF1-F1D12884A26C}.Debug|Win32.ActiveCfg = Debug|Win32
		{3C658CB0-F452-4C00-AEF1-F1D12884A26C}.Debug|Win32.Build.0 = Debug|Win32
		{3C658CB0-F452-4C00-AEF1-F1D12884A26C}.Release|Win32.ActiveCfg = Release|Win32
		{3C658CB0-F452-4C00-AEF1-F1D12884A26C}.Release|Win32.Build.0 = Release|Win32
		{3C658CB0-F452-4C00-AEF1-F1D12884A26C}.MinSizeRel|Win32.ActiveCfg = MinSizeRel|Win32
		{3C658CB0-F452-4C00-AEF1-F1D12884A26C}.MinSizeRel|Win32.Build.0 = MinSizeRel|Win32
		{3C658CB0-F452-4C00-AEF1-F1D12884A26C}.RelWithDebInfo|Win32.ActiveCfg = RelWithDebInfo|Win32
		{3C658CB0-F452-4C00-AEF1-F1D12884A26C}.RelWithDebInfo|Win32.Build.0 = RelWithDebInfo|Win32
		{32A12BC2-D877-4E69-9189-003862211F52}.Debug|Win32.ActiveCfg = Debug|Win32
		{32A12BC2-D877-4E69-9189-003862211F52}.Debug|Win32.Build.0 = Debug|Win32
		{32A12BC2-D877-4E69-9189-003862211F52}.Release|Win32.ActiveCfg = Release|Win32
		{32A12BC2-D877-4E69-9189-003862211F52}.Release|Win32.Build.0 = Release|Win32
		{32A12BC2-D877-4E69-9189-003862211F52}.MinSizeRel|Win32.ActiveCfg = MinSizeRel|Win32
		{32A12BC2-D877-4E69-9189-003862211F52}.MinSizeRel|Win32.Build.0 = MinSizeRel|Win32
		{32A12BC2-D877-4E69-9189-003862211F52}.RelWithDebInfo|Win32.ActiveCfg = RelWithDebInfo|Win32
		{32A12BC2-D877-4E69-9189-003862211F52}.RelWithDebInfo|Win32.Build.0 = RelWithDebInfo|Win32
		{80545325-E60C-4CB4-9AEA-727B306C710A}.Debug|Win32.ActiveCfg = Debug|Win32
		{80545325-E60C-4CB4-9AEA-727B306C710A}.Debug|Win32.Build.0 = Debug|Win32
		{80545325-E60C-4CB4-9AEA-727B306C710A}.Release|Win32.ActiveCfg = Release|Win32
		{80545325-E60C-4CB4-9AEA-727B306C710A}.Release|Win32.Build.0 = Release|Win32
		{80545325-E60C-4CB4-9AEA-727B306C710A}.MinSizeRel|Win32.ActiveCfg = MinSizeRel|Win32
		{80545325-E60C-4CB4-9AEA-727B306C710A}.MinSizeRel|Win32.Build.0 = MinSizeRel|Win32
		{80545325-E60C-4CB4-9AEA-727B306C710A}.RelWithDebInfo|Win32.ActiveCfg = RelWithDebInfo|Win32
		{80545325-E60C-4CB4-9AEA-727B306C710A}.RelWithDebInfo|Win32.Build.0 = RelWithDebInfo|Win32
		{EBC7AEA7-2C20-4E76-9114-6AEB1E71D69C}.Debug|Win32.ActiveCfg = Debug|Win32
		{EBC7AEA7-2C20-4E76-9114-6AEB1E71D69C}.Debug|Win32.Build.0 = Debug|Win32
		{EBC7AEA7-2C20-4E76-9114-6AEB1E71D69C}.Release|Win32.ActiveCfg = Release|Win32
		{EBC7AEA7-2C20-4E76-9114-6AEB1E71D69C}.Release|Win32.Build.0 = Release|Win32
		{EBC7AEA7-2C20-4E76-9114-6AEB1E71D69C}.MinSizeRel|Win32.ActiveCfg = MinSizeRel|Win32
		{EBC7AEA7-2C20-4E76-9114-6AEB1E71D69C}.MinSizeRel|Win32.Build.0 = MinSizeRel|Win32
		{EBC7AEA7-2C20-4E76-9114-6AEB1E71D69C}.RelWithDebInfo|Win32.ActiveCfg = RelWithDebInfo|Win32
		{EBC7AEA7-2C20-4E76-9114-6AEB1E71D69C}.RelWithDebInfo|Win32.Build.0 = RelWithDebInfo|Win32
		{86AE9E43-E916-4DC2-9440-F15F9E014671}.Debug|Win32.ActiveCfg = Debug|Win32
		{86AE9E43-E916-4DC2-9440-F15F9E014671}.Debug|Win32.Build.0 = Debug|Win32
		{86AE9E43-E916-4DC2-9440-F15F9E014671}.Release|Win32.ActiveCfg = Release|Win32
		{86AE9E43-E916-4DC2-9440-F15F9E014671}.Release|Win32.Build.0 = Release|Win32
		{86AE9E43-E916-4DC2-9440-F15F9E014671}.MinSizeRel|Win32.ActiveCfg = MinSizeRel|Win32
		{86AE9E43-E916-4DC2-9440-F15F9E014671}.MinSizeRel|Win32.Build.0 = MinSizeRel|Win32
		{86AE9E43-E916-4DC2-9440-F15F9E014671}.RelWithDebInfo|Win32.ActiveCfg = RelWithDebInfo|Win32
		{86AE9E43-E916-4DC2-9440-F15F9E014671}.RelWithDebInfo|Win32.Build.0 = RelWithDebInfo|Win32
		{42AB6218-1FE6-42AB-AB32-8D6306022333}.Debug|Win32.ActiveCfg = Debug|Win32
		{42AB6218-1FE6-42AB-AB32-8D6306022333}.Debug|Win32.Build.0 = Debug|Win32
		{42AB6218-1FE6-42AB-AB32-8D6306022333}.Release|Win32.ActiveCfg = Release|Win32
		{42AB6218-1FE6-42AB-AB32-8D6306022333}.Release|Win32.Build.0 = Release|Win32
		{42AB6218-1FE6-42AB-AB32-8D6306022333}.MinSizeRel|Win32.ActiveCfg = MinSizeRel|Win32
		{42AB6218-1FE6-42AB-AB32-8D6306022333}.MinSizeRel|Win32.Build.0 = MinSizeRel|Win32
		{42AB6218-1FE6-42AB-AB32-8D6306022333}.RelWithDebInfo|Win32.ActiveCfg = RelWithDebInfo|Win32
		{42AB6218-1FE6-42AB-AB32-8D6306022333}.RelWithDebInfo|Win32.Build.0 = RelWithDebInfo|Win32
		{E31689F4-0508-4348-8966-B8AE3B098526}.Debug|Win32.ActiveCfg = Debug|Win32
		{E31689F4-0508-4348-8966-B8AE3B098526}.Debug|Win32.Build.0 = Debug|Win32
		{E31689F4-0508-4348-8966-B8AE3B098526}.Release|Win32.ActiveCfg = Release|Win32
		{E31689F4-0508-4348-8966-B8AE3B098526}.Release|Win32.Build.0 = Release|Win32
		{E31689F4-0508-4348-8966-B8AE3B098526}.MinSizeRel|Win32.ActiveCfg = MinSizeRel|Win32
		{E31689F4-0508-4348-8966-B8AE3B098526}.MinSizeRel|Win32.Build.0 = MinSizeRel|Win32
		{E31689F4-0508-4348-8966-B8AE3B098526}.RelWithDebInfo|Win32.ActiveCfg = RelWithDebInfo|Win32
		{E31689F4-0508-4348-8966-B8AE3B098526}.RelWithDebInfo|Win32.Build.0 = RelWithDebInfo|Win32
		{D7C7DB0C-2887-44F0-889D-519FC8C6CB54}.Debug|Win32.ActiveCfg = Debug|Win32
		{D7C7DB0C-2887-44F0-889D-519FC8C6CB54}.Debug|Win32.Build.0 = Debug|Win32
		{D7C7DB0C-2887-44F0-889D-519FC8C6CB54}.Release|Win32.ActiveCfg = Release|Win32
		{D7C7DB0C-2887-44F0-889D-519FC8C6CB54}.Release|Win32.Build.0 = Release|Win32
		{D7C7DB0C-2887-44F0-889D-519FC8C6CB54}.MinSizeRel|Win32.ActiveCfg = MinSizeRel|Win32
		{D7C7DB0C-2887-44F0-889D-519FC8C6CB54}.MinSizeRel|Win32.Build.0 = MinSizeRel|Win32
		{D7C7DB0C-2887-44F0-889D-519FC8C6CB54}.RelWithDebInfo|Win32.ActiveCfg = RelWithDebInfo|Win32
		{D7C7DB0C-2887-44F0-889D-519FC8C6CB54}.RelWithDebInfo|Win32.Build.0 = RelWithDebInfo|Win32
		{62EBE81F-F72C-484F-8A55-9F5B8C2727C6}.Debug|Win32.ActiveCfg = Debug|Win32
		{62EBE81F-F72C-484F-8A55-9F5B8C2727C6}.Debug|Win32.Build.0 = Debug|Win32
		{62EBE81F-F72C-484F-8A55-9F5B8C2727C6}.Release|Win32.ActiveCfg = Release|Win32
		{62EBE81F-F72C-484F-8A55-9F5B8C2727C6}.Release|Win32.Build.0 = Release|Win32
		{62EBE81F-F72C-484F-8A55-9F5B8C2727C6}.MinSizeRel|Win32.ActiveCfg = MinSizeRel|Win32
		{62EBE81F-F72C-484F-8A55-9F5B8C2727C6}.MinSizeRel|Win32.Build.0 = MinSizeRel|Win32
		{62EBE81F-F72C-484F-8A55-9F5B8C2727C6}.RelWithDebInfo|Win32.ActiveCfg = RelWithDebInfo|Win32
		{62EBE81F-F72C-484F-8A55-9F5B8C2727C6}.RelWithDebInfo|Win32.Build.0 = RelWithDebInfo|Win32
		{9D99BC6C-B4FD-4A6B-9D86-74A60B309C7E}.Debug|Win32.ActiveCfg = Debug|Win32
		{9D99BC6C-B4FD-4A6B-9D86-74A60B309C7E}.Debug|Win32.Build.0 = Debug|Win32
		{9D99BC6C-B4FD-4A6B-9D86-74A60B309C7E}.Release|Win32.ActiveCfg = Release|Win32
		{9D99BC6C-B4FD-4A6B-9D86-74A60B309C7E}.Release|Win32.Build.0 = Release|Win32
		{9D99BC6C-B4FD-4A6B-9D86-74A60B309C7E}.MinSizeRel|Win32.ActiveCfg = MinSizeRel|Win32
		{9D99BC6C-B4FD-4A6B-9D86-74A60B309C7E}.MinSizeRel|Win32.Build.0 = MinSizeRel|Win32
		{9D99BC6C-B4FD-4A6B-9D86-74A60B309C7E}.RelWithDebInfo|Win32.ActiveCfg = RelWithDebInfo|Win32
		{9D99BC6C-B4FD-4A6B-9D86-74A60B309C7E}.RelWithDebInfo|Win32.Build.0 = RelWithDebInfo|Win32
		{2F0A3D1C-13FA-4DFC-BB0A-B2816CDB7618}.Debug|Win32.ActiveCfg = Debug|Win32
		{2F0A3D1C-13FA-4DFC-BB0A-B2816CDB7618}.Debug|Win32.Build.0 = Debug|Win32
		{2F0A3D1C-13FA-4DFC-BB0A-B2816CDB7618}.Release|Win32.ActiveCfg = Release|Win32
		{2F0A3D1C-13FA-4DFC-BB0A-B2816CDB7618}.Release|Win32.Build.0 = Release|Win32
		{2F0A3D1C-13FA-4DFC-BB0A-B2816CDB7618}.MinSizeRel|Win32.ActiveCfg = MinSizeRel|Win32
		{2F0A3D1C-13FA-4DFC-BB0A-B2816CDB7618}.MinSizeRel|Win32.Build.0 = MinSizeRel|Win32
		{2F0A3D1C-13FA-4DFC-BB0A-B2816CDB7618}.RelWithDebInfo|Win32.ActiveCfg = RelWithDebInfo|Win32
		{2F0A3D1C-13FA-4DFC-BB0A-B2816CDB7618}.RelWithDebInfo|Win32.Build.0 = RelWithDebInfo|Win32
		{3B664241-EB13-45F7-9638-0238E5F6681A}.Debug|Win32.ActiveCfg = Debug|Win32
		{3B664241-EB13-45F7-9638-0238E5F6681A}.Debug|Win32.Build.0 = Debug|Win32
		{3B664241-EB13-45F7-9638-0238E5F6681A}.Release|Win32.ActiveCfg = Release|Win32
		{3B664241-EB13-45F7-9638-0238E5F6681A}.Release|Win32.Build.0 = Release|Win32
		{3B664241-EB13-45F7-9638-0238E5F6681A}.MinSizeRel|Win32.ActiveCfg = MinSizeRel|Win32
		{3B664241-EB13-45F7-9638-0238E5F6681A}.MinSizeRel|Win32.Build.0 = MinSizeRel|Win32
		{3B664241-EB13-45F7-9638-0238E5F6681A}.RelWithDebInfo|Win32.ActiveCfg = RelWithDebInfo|Win32
		{3B664241-EB13-45F7-9638-0238E5F6681A}.RelWithDebInfo|Win32.Build.0 = RelWithDebInfo|Win32
		{DAA661DA-9BDF-448A-878B-943684ACEDA6}.Debug|Win32.ActiveCfg = Debug|Win32
		{DAA661DA-9BDF-448A-878B-943684ACEDA6}.Debug|Win32.Build.0 = Debug|Win32
		{DAA661DA-9BDF-448A-878B-943684ACEDA6}.Release|Win32.ActiveCfg = Release|Win32
		{DAA661DA-9BDF-448A-878B-943684ACEDA6}.Release|Win32.Build.0 = Release|Win32
		{DAA661DA-9BDF-448A-878B-943684ACEDA6}.MinSizeRel|Win32.ActiveCfg = MinSizeRel|Win32
		{DAA661DA-9BDF-448A-878B-943684ACEDA6}.MinSizeRel|Win32.Build.0 = MinSizeRel|Win32
		{DAA661DA-9BDF-448A-878B-943684ACEDA6}.RelWithDebInfo|Win32.ActiveCfg = RelWithDebInfo|Win32
		{DAA661DA-9BDF-448A-878B-943684ACEDA6}.RelWithDebInfo|Win32.Build.0 = RelWithDebInfo|Win32
		{C27DCF29-20C9-47F6-9777-E3C13A3B419B}.Debug|Win32.ActiveCfg = Debug|Win32
		{C27DCF29-20C9-47F6-9777-E3C13A3B419B}.Debug|Win32.Build.0 = Debug|Win32
		{C27DCF29-20C9-47F6-9777-E3C13A3B419B}.Release|Win32.ActiveCfg = Release|Win32
		{C27DCF29-20C9-47F6-9777-E3C13A3B419B}.Release|Win32.Build.0 = Release|Win32
		{C27DCF29-20C9-47F6-9777-E3C13A3B419B}.MinSizeRel|Win32.ActiveCfg = MinSizeRel|Win32
		{C27DCF29-20C9-47F6-9777-E3C13A3B419B}.MinSizeRel|Win32.Build.0 = MinSizeRel|Win32
		{C27DCF29-20C9-47F6-9777-E3C13A3B419B}.RelWithDebInfo|Win32.ActiveCfg = RelWithDebInfo|Win32
		{C27DCF29-20C9-47F6-9777-E3C13A3B419B}.RelWithDebInfo|Win32.Build.0 = RelWithDebInfo|Win32
		{52F31ED1-ACAD-4C19-BA47-39AC64C5FC4D}.Debug|Win32.ActiveCfg = Debug|Win32
		{52F31ED1-ACAD-4C19-BA47-39AC64C5FC4D}.Debug|Win32.Build.0 = Debug|Win32
		{52F31ED1-ACAD-4C19-BA47-39AC64C5FC4D}.Release|Win32.ActiveCfg = Release|Win32
		{52F31ED1-ACAD-4C19-BA47-39AC64C5FC4D}.Release|Win32.Build.0 = Release|Win32
		{52F31ED1-ACAD-4C19-BA47-39AC64C5FC4D}.MinSizeRel|Win32.ActiveCfg = MinSizeRel|Win32
		{52F31ED1-ACAD-4C19-BA47-39AC64C5FC4D}.MinSizeRel|Win32.Build.0 = MinSizeRel|Win32
		{52F31ED1-ACAD-4C19-BA47-39AC64C5FC4D}.RelWithDebInfo|Win32.ActiveCfg = RelWithDebInfo|Win32
		{52F31ED1-ACAD-4C19-BA47-39AC64C5FC4D}.RelWithDebInfo|Win32.Build.0 = RelWithDebInfo|Win32
		{85A57683-7DFD-4B16-889B-1FE6D1544FBA}.Debug|Win32.ActiveCfg = Debug|Win32
		{85A57683-7DFD-4B16-889B-1FE6D1544FBA}.Release|Win32.ActiveCfg = Release|Win32
		{85A57683-7DFD-4B16-889B-1FE6D1544FBA}.MinSizeRel|Win32.ActiveCfg = MinSizeRel|Win32
		{85A57683-7DFD-4B16-889B-1FE6D1544FBA}.RelWithDebInfo|Win32.ActiveCfg = RelWithDebInfo|Win32
		{01F38D8D-977C-42AA-8926-16D054600B4E}.Debug|Win32.ActiveCfg = Debug|Win32
		{01F38D8D-977C-42AA-8926-16D054600B4E}.Debug|Win32.Build.0 = Debug|Win32
		{01F38D8D-977C-42AA-8926-16D054600B4E}.Release|Win32.ActiveCfg = Release|Win32
		{01F38D8D-977C-42AA-8926-16D054600B4E}.Release|Win32.Build.0 = Release|Win32
		{01F38D8D-977C-42AA-8926-16D054600B4E}.MinSizeRel|Win32.ActiveCfg = MinSizeRel|Win32
		{01F38D8D-977C-42AA-8926-16D054600B4E}.MinSizeRel|Win32.Build.0 = MinSizeRel|Win32
		{01F38D8D-977C-42AA-8926-16D054600B4E}.RelWithDebInfo|Win32.ActiveCfg = RelWithDebInfo|Win32
		{01F38D8D-977C-42AA-8926-16D054600B4E}.RelWithDebInfo|Win32.Build.0 = RelWithDebInfo|Win32
		{57990DF1-A22D-4153-9708-A0F6D71B7ED5}.Debug|Win32.ActiveCfg = Debug|Win32
		{57990DF1-A22D-4153-9708-A0F6D71B7ED5}.Debug|Win32.Build.0 = Debug|Win32
		{57990DF1-A22D-4153-9708-A0F6D71B7ED5}.Release|Win32.ActiveCfg = Release|Win32
		{57990DF1-A22D-4153-9708-A0F6D71B7ED5}.Release|Win32.Build.0 = Release|Win32
		{57990DF1-A22D-4153-9708-A0F6D71B7ED5}.MinSizeRel|Win32.ActiveCfg = MinSizeRel|Win32
		{57990DF1-A22D-4153-9708-A0F6D71B7ED5}.MinSizeRel|Win32.Build.0 = MinSizeRel|Win32
		{57990DF1-A22D-4153-9708-A0F6D71B7ED5}.RelWithDebInfo|Win32.ActiveCfg = RelWithDebInfo|Win32
		{57990DF1-A22D-4153-9708-A0F6D71B7ED5}.RelWithDebInfo|Win32.Build.0 = RelWithDebInfo|Win32
		{9481B929-1CCC-4D2D-AE2D-A5081AF374F3}.Debug|Win32.ActiveCfg = Debug|Win32
		{9481B929-1CCC-4D2D-AE2D-A5081AF374F3}.Debug|Win32.Build.0 = Debug|Win32
		{9481B929-1CCC-4D2D-AE2D-A5081AF374F3}.Release|Win32.ActiveCfg = Release|Win32
		{9481B929-1CCC-4D2D-AE2D-A5081AF374F3}.Release|Win32.Build.0 = Release|Win32
		{9481B929-1CCC-4D2D-AE2D-A5081AF374F3}.MinSizeRel|Win32.ActiveCfg = MinSizeRel|Win32
		{9481B929-1CCC-4D2D-AE2D-A5081AF374F3}.MinSizeRel|Win32.Build.0 = MinSizeRel|Win32
		{9481B929-1CCC-4D2D-AE2D-A5081AF374F3}.RelWithDebInfo|Win32.ActiveCfg = RelWithDebInfo|Win32
		{9481B929-1CCC-4D2D-AE2D-A5081AF374F3}.RelWithDebInfo|Win32.Build.0 = RelWithDebInfo|Win32
		{84D23598-3F69-4082-BC62-602D13A61FB9}.Debug|Win32.ActiveCfg = Debug|Win32
		{84D23598-3F69-4082-BC62-602D13A61FB9}.Debug|Win32.Build.0 = Debug|Win32
		{84D23598-3F69-4082-BC62-602D13A61FB9}.Release|Win32.ActiveCfg = Release|Win32
		{84D23598-3F69-4082-BC62-602D13A61FB9}.Release|Win32.Build.0 = Release|Win32
		{84D23598-3F69-4082-BC62-602D13A61FB9}.MinSizeRel|Win32.ActiveCfg = MinSizeRel|Win32
		{84D23598-3F69-4082-BC62-602D13A61FB9}.MinSizeRel|Win32.Build.0 = MinSizeRel|Win32
		{84D23598-3F69-4082-BC62-602D13A61FB9}.RelWithDebInfo|Win32.ActiveCfg = RelWithDebInfo|Win32
		{84D23598-3F69-4082-BC62-602D13A61FB9}.RelWithDebInfo|Win32.Build.0 = RelWithDebInfo|Win32
	EndGlobalSection
	GlobalSection(ExtensibilityGlobals) = postSolution
	EndGlobalSection
	GlobalSection(ExtensibilityAddIns) = postSolution
	EndGlobalSection
EndGlobal
