
Microsoft Visual Studio Solution File, Format Version 12.00
# Visual Studio 2013
VisualStudioVersion = 12.0.31101.0
MinimumVisualStudioVersion = 10.0.40219.1
Project("{8BC9CEB8-8B4A-11D0-8D11-00A0C91BC942}") = "CNT_Mesh_Generator", "CNT_Mesh_Project\CNT_Mesh_Project.vcxproj", "{EA3E66E5-7516-4AAB-A7FA-BA3956C0FA29}"
EndProject
Project("{6141683F-8A12-4E36-9623-2EB02B2C2303}") = "CNTMeshGeneratorSetup", "CNTMeshGeneratorSetup\CNTMeshGeneratorSetup.isproj", "{C21AA44A-4F0A-4553-AE87-7EAE4F87A982}"
	ProjectSection(ProjectDependencies) = postProject
		{EA3E66E5-7516-4AAB-A7FA-BA3956C0FA29} = {EA3E66E5-7516-4AAB-A7FA-BA3956C0FA29}
	EndProjectSection
EndProject
Project("{8BC9CEB8-8B4A-11D0-8D11-00A0C91BC942}") = "BulletCollision", "..\BulletBuild\src\BulletCollision\BulletCollision.vcxproj", "{EBC7AEA7-2C20-4E76-9114-6AEB1E71D69C}"
EndProject
Project("{8BC9CEB8-8B4A-11D0-8D11-00A0C91BC942}") = "BulletDynamics", "..\BulletBuild\src\BulletDynamics\BulletDynamics.vcxproj", "{86AE9E43-E916-4DC2-9440-F15F9E014671}"
EndProject
Project("{8BC9CEB8-8B4A-11D0-8D11-00A0C91BC942}") = "LinearMath", "..\BulletBuild\src\LinearMath\LinearMath.vcxproj", "{01F38D8D-977C-42AA-8926-16D054600B4E}"
EndProject
Project("{8BC9CEB8-8B4A-11D0-8D11-00A0C91BC942}") = "OpenGLSupport", "..\BulletBuild\Demos\OpenGL\OpenGLSupport.vcxproj", "{9481B929-1CCC-4D2D-AE2D-A5081AF374F3}"
EndProject
Global
	GlobalSection(SolutionConfigurationPlatforms) = preSolution
		CD_ROM|Win32 = CD_ROM|Win32
		CD_ROM|x64 = CD_ROM|x64
		Debug|Win32 = Debug|Win32
		Debug|x64 = Debug|x64
		DVD-5|Win32 = DVD-5|Win32
		DVD-5|x64 = DVD-5|x64
		MinSizeRel|Win32 = MinSizeRel|Win32
		MinSizeRel|x64 = MinSizeRel|x64
		Release|Win32 = Release|Win32
		Release|x64 = Release|x64
		RelWithDebInfo|Win32 = RelWithDebInfo|Win32
		RelWithDebInfo|x64 = RelWithDebInfo|x64
		SingleImage|Win32 = SingleImage|Win32
		SingleImage|x64 = SingleImage|x64
	EndGlobalSection
	GlobalSection(ProjectConfigurationPlatforms) = postSolution
		{EA3E66E5-7516-4AAB-A7FA-BA3956C0FA29}.CD_ROM|Win32.ActiveCfg = Release|Win32
		{EA3E66E5-7516-4AAB-A7FA-BA3956C0FA29}.CD_ROM|Win32.Build.0 = Release|Win32
		{EA3E66E5-7516-4AAB-A7FA-BA3956C0FA29}.CD_ROM|x64.ActiveCfg = Release|x64
		{EA3E66E5-7516-4AAB-A7FA-BA3956C0FA29}.CD_ROM|x64.Build.0 = Release|x64
		{EA3E66E5-7516-4AAB-A7FA-BA3956C0FA29}.Debug|Win32.ActiveCfg = Debug|Win32
		{EA3E66E5-7516-4AAB-A7FA-BA3956C0FA29}.Debug|Win32.Build.0 = Debug|Win32
		{EA3E66E5-7516-4AAB-A7FA-BA3956C0FA29}.Debug|x64.ActiveCfg = Debug|x64
		{EA3E66E5-7516-4AAB-A7FA-BA3956C0FA29}.Debug|x64.Build.0 = Debug|x64
		{EA3E66E5-7516-4AAB-A7FA-BA3956C0FA29}.DVD-5|Win32.ActiveCfg = Debug|Win32
		{EA3E66E5-7516-4AAB-A7FA-BA3956C0FA29}.DVD-5|Win32.Build.0 = Debug|Win32
		{EA3E66E5-7516-4AAB-A7FA-BA3956C0FA29}.DVD-5|x64.ActiveCfg = Debug|x64
		{EA3E66E5-7516-4AAB-A7FA-BA3956C0FA29}.DVD-5|x64.Build.0 = Debug|x64
		{EA3E66E5-7516-4AAB-A7FA-BA3956C0FA29}.MinSizeRel|Win32.ActiveCfg = Release|Win32
		{EA3E66E5-7516-4AAB-A7FA-BA3956C0FA29}.MinSizeRel|Win32.Build.0 = Release|Win32
		{EA3E66E5-7516-4AAB-A7FA-BA3956C0FA29}.MinSizeRel|x64.ActiveCfg = Release|x64
		{EA3E66E5-7516-4AAB-A7FA-BA3956C0FA29}.MinSizeRel|x64.Build.0 = Release|x64
		{EA3E66E5-7516-4AAB-A7FA-BA3956C0FA29}.Release|Win32.ActiveCfg = Release|Win32
		{EA3E66E5-7516-4AAB-A7FA-BA3956C0FA29}.Release|Win32.Build.0 = Release|Win32
		{EA3E66E5-7516-4AAB-A7FA-BA3956C0FA29}.Release|Win32.Deploy.0 = Release|Win32
		{EA3E66E5-7516-4AAB-A7FA-BA3956C0FA29}.Release|x64.ActiveCfg = Release|x64
		{EA3E66E5-7516-4AAB-A7FA-BA3956C0FA29}.Release|x64.Build.0 = Release|x64
		{EA3E66E5-7516-4AAB-A7FA-BA3956C0FA29}.RelWithDebInfo|Win32.ActiveCfg = Release|Win32
		{EA3E66E5-7516-4AAB-A7FA-BA3956C0FA29}.RelWithDebInfo|Win32.Build.0 = Release|Win32
		{EA3E66E5-7516-4AAB-A7FA-BA3956C0FA29}.RelWithDebInfo|x64.ActiveCfg = Release|x64
		{EA3E66E5-7516-4AAB-A7FA-BA3956C0FA29}.RelWithDebInfo|x64.Build.0 = Release|x64
		{EA3E66E5-7516-4AAB-A7FA-BA3956C0FA29}.SingleImage|Win32.ActiveCfg = Release|Win32
		{EA3E66E5-7516-4AAB-A7FA-BA3956C0FA29}.SingleImage|Win32.Build.0 = Release|Win32
		{EA3E66E5-7516-4AAB-A7FA-BA3956C0FA29}.SingleImage|x64.ActiveCfg = Release|x64
		{EA3E66E5-7516-4AAB-A7FA-BA3956C0FA29}.SingleImage|x64.Build.0 = Release|x64
		{C21AA44A-4F0A-4553-AE87-7EAE4F87A982}.CD_ROM|Win32.ActiveCfg = CD_ROM
		{C21AA44A-4F0A-4553-AE87-7EAE4F87A982}.CD_ROM|Win32.Build.0 = CD_ROM
		{C21AA44A-4F0A-4553-AE87-7EAE4F87A982}.CD_ROM|x64.ActiveCfg = CD_ROM
		{C21AA44A-4F0A-4553-AE87-7EAE4F87A982}.CD_ROM|x64.Build.0 = CD_ROM
		{C21AA44A-4F0A-4553-AE87-7EAE4F87A982}.Debug|Win32.ActiveCfg = DVD-5
		{C21AA44A-4F0A-4553-AE87-7EAE4F87A982}.Debug|Win32.Build.0 = DVD-5
		{C21AA44A-4F0A-4553-AE87-7EAE4F87A982}.Debug|x64.ActiveCfg = DVD-5
		{C21AA44A-4F0A-4553-AE87-7EAE4F87A982}.Debug|x64.Build.0 = DVD-5
		{C21AA44A-4F0A-4553-AE87-7EAE4F87A982}.DVD-5|Win32.ActiveCfg = DVD-5
		{C21AA44A-4F0A-4553-AE87-7EAE4F87A982}.DVD-5|Win32.Build.0 = DVD-5
		{C21AA44A-4F0A-4553-AE87-7EAE4F87A982}.DVD-5|x64.ActiveCfg = DVD-5
		{C21AA44A-4F0A-4553-AE87-7EAE4F87A982}.DVD-5|x64.Build.0 = DVD-5
		{C21AA44A-4F0A-4553-AE87-7EAE4F87A982}.MinSizeRel|Win32.ActiveCfg = SingleImage
		{C21AA44A-4F0A-4553-AE87-7EAE4F87A982}.MinSizeRel|Win32.Build.0 = SingleImage
		{C21AA44A-4F0A-4553-AE87-7EAE4F87A982}.MinSizeRel|x64.ActiveCfg = SingleImage
		{C21AA44A-4F0A-4553-AE87-7EAE4F87A982}.MinSizeRel|x64.Build.0 = SingleImage
		{C21AA44A-4F0A-4553-AE87-7EAE4F87A982}.Release|Win32.ActiveCfg = SingleImage
		{C21AA44A-4F0A-4553-AE87-7EAE4F87A982}.Release|Win32.Build.0 = SingleImage
		{C21AA44A-4F0A-4553-AE87-7EAE4F87A982}.Release|x64.ActiveCfg = SingleImage
		{C21AA44A-4F0A-4553-AE87-7EAE4F87A982}.Release|x64.Build.0 = SingleImage
		{C21AA44A-4F0A-4553-AE87-7EAE4F87A982}.RelWithDebInfo|Win32.ActiveCfg = SingleImage
		{C21AA44A-4F0A-4553-AE87-7EAE4F87A982}.RelWithDebInfo|Win32.Build.0 = SingleImage
		{C21AA44A-4F0A-4553-AE87-7EAE4F87A982}.RelWithDebInfo|x64.ActiveCfg = SingleImage
		{C21AA44A-4F0A-4553-AE87-7EAE4F87A982}.RelWithDebInfo|x64.Build.0 = SingleImage
		{C21AA44A-4F0A-4553-AE87-7EAE4F87A982}.SingleImage|Win32.ActiveCfg = SingleImage
		{C21AA44A-4F0A-4553-AE87-7EAE4F87A982}.SingleImage|Win32.Build.0 = SingleImage
		{C21AA44A-4F0A-4553-AE87-7EAE4F87A982}.SingleImage|x64.ActiveCfg = SingleImage
		{C21AA44A-4F0A-4553-AE87-7EAE4F87A982}.SingleImage|x64.Build.0 = SingleImage
		{EBC7AEA7-2C20-4E76-9114-6AEB1E71D69C}.CD_ROM|Win32.ActiveCfg = Release|Win32
		{EBC7AEA7-2C20-4E76-9114-6AEB1E71D69C}.CD_ROM|Win32.Build.0 = Release|Win32
		{EBC7AEA7-2C20-4E76-9114-6AEB1E71D69C}.CD_ROM|x64.ActiveCfg = MinSizeRel|x64
		{EBC7AEA7-2C20-4E76-9114-6AEB1E71D69C}.CD_ROM|x64.Build.0 = MinSizeRel|x64
		{EBC7AEA7-2C20-4E76-9114-6AEB1E71D69C}.Debug|Win32.ActiveCfg = Debug|Win32
		{EBC7AEA7-2C20-4E76-9114-6AEB1E71D69C}.Debug|Win32.Build.0 = Debug|Win32
		{EBC7AEA7-2C20-4E76-9114-6AEB1E71D69C}.Debug|x64.ActiveCfg = Debug|x64
		{EBC7AEA7-2C20-4E76-9114-6AEB1E71D69C}.Debug|x64.Build.0 = Debug|x64
		{EBC7AEA7-2C20-4E76-9114-6AEB1E71D69C}.DVD-5|Win32.ActiveCfg = Debug|Win32
		{EBC7AEA7-2C20-4E76-9114-6AEB1E71D69C}.DVD-5|Win32.Build.0 = Debug|Win32
		{EBC7AEA7-2C20-4E76-9114-6AEB1E71D69C}.DVD-5|x64.ActiveCfg = Debug|x64
		{EBC7AEA7-2C20-4E76-9114-6AEB1E71D69C}.DVD-5|x64.Build.0 = Debug|x64
		{EBC7AEA7-2C20-4E76-9114-6AEB1E71D69C}.MinSizeRel|Win32.ActiveCfg = MinSizeRel|Win32
		{EBC7AEA7-2C20-4E76-9114-6AEB1E71D69C}.MinSizeRel|Win32.Build.0 = MinSizeRel|Win32
		{EBC7AEA7-2C20-4E76-9114-6AEB1E71D69C}.MinSizeRel|x64.ActiveCfg = MinSizeRel|x64
		{EBC7AEA7-2C20-4E76-9114-6AEB1E71D69C}.MinSizeRel|x64.Build.0 = MinSizeRel|x64
		{EBC7AEA7-2C20-4E76-9114-6AEB1E71D69C}.Release|Win32.ActiveCfg = Release|Win32
		{EBC7AEA7-2C20-4E76-9114-6AEB1E71D69C}.Release|Win32.Build.0 = Release|Win32
		{EBC7AEA7-2C20-4E76-9114-6AEB1E71D69C}.Release|x64.ActiveCfg = Release|x64
		{EBC7AEA7-2C20-4E76-9114-6AEB1E71D69C}.Release|x64.Build.0 = Release|x64
		{EBC7AEA7-2C20-4E76-9114-6AEB1E71D69C}.RelWithDebInfo|Win32.ActiveCfg = RelWithDebInfo|Win32
		{EBC7AEA7-2C20-4E76-9114-6AEB1E71D69C}.RelWithDebInfo|Win32.Build.0 = RelWithDebInfo|Win32
		{EBC7AEA7-2C20-4E76-9114-6AEB1E71D69C}.RelWithDebInfo|x64.ActiveCfg = RelWithDebInfo|x64
		{EBC7AEA7-2C20-4E76-9114-6AEB1E71D69C}.RelWithDebInfo|x64.Build.0 = RelWithDebInfo|x64
		{EBC7AEA7-2C20-4E76-9114-6AEB1E71D69C}.SingleImage|Win32.ActiveCfg = Release|Win32
		{EBC7AEA7-2C20-4E76-9114-6AEB1E71D69C}.SingleImage|Win32.Build.0 = Release|Win32
		{EBC7AEA7-2C20-4E76-9114-6AEB1E71D69C}.SingleImage|x64.ActiveCfg = MinSizeRel|x64
		{EBC7AEA7-2C20-4E76-9114-6AEB1E71D69C}.SingleImage|x64.Build.0 = MinSizeRel|x64
		{86AE9E43-E916-4DC2-9440-F15F9E014671}.CD_ROM|Win32.ActiveCfg = Release|Win32
		{86AE9E43-E916-4DC2-9440-F15F9E014671}.CD_ROM|Win32.Build.0 = Release|Win32
		{86AE9E43-E916-4DC2-9440-F15F9E014671}.CD_ROM|x64.ActiveCfg = MinSizeRel|x64
		{86AE9E43-E916-4DC2-9440-F15F9E014671}.CD_ROM|x64.Build.0 = MinSizeRel|x64
		{86AE9E43-E916-4DC2-9440-F15F9E014671}.Debug|Win32.ActiveCfg = Debug|Win32
		{86AE9E43-E916-4DC2-9440-F15F9E014671}.Debug|Win32.Build.0 = Debug|Win32
		{86AE9E43-E916-4DC2-9440-F15F9E014671}.Debug|x64.ActiveCfg = Debug|x64
		{86AE9E43-E916-4DC2-9440-F15F9E014671}.Debug|x64.Build.0 = Debug|x64
		{86AE9E43-E916-4DC2-9440-F15F9E014671}.DVD-5|Win32.ActiveCfg = Debug|Win32
		{86AE9E43-E916-4DC2-9440-F15F9E014671}.DVD-5|Win32.Build.0 = Debug|Win32
		{86AE9E43-E916-4DC2-9440-F15F9E014671}.DVD-5|x64.ActiveCfg = Debug|x64
		{86AE9E43-E916-4DC2-9440-F15F9E014671}.DVD-5|x64.Build.0 = Debug|x64
		{86AE9E43-E916-4DC2-9440-F15F9E014671}.MinSizeRel|Win32.ActiveCfg = MinSizeRel|Win32
		{86AE9E43-E916-4DC2-9440-F15F9E014671}.MinSizeRel|Win32.Build.0 = MinSizeRel|Win32
		{86AE9E43-E916-4DC2-9440-F15F9E014671}.MinSizeRel|x64.ActiveCfg = MinSizeRel|x64
		{86AE9E43-E916-4DC2-9440-F15F9E014671}.MinSizeRel|x64.Build.0 = MinSizeRel|x64
		{86AE9E43-E916-4DC2-9440-F15F9E014671}.Release|Win32.ActiveCfg = Release|Win32
		{86AE9E43-E916-4DC2-9440-F15F9E014671}.Release|Win32.Build.0 = Release|Win32
		{86AE9E43-E916-4DC2-9440-F15F9E014671}.Release|x64.ActiveCfg = Release|x64
		{86AE9E43-E916-4DC2-9440-F15F9E014671}.Release|x64.Build.0 = Release|x64
		{86AE9E43-E916-4DC2-9440-F15F9E014671}.RelWithDebInfo|Win32.ActiveCfg = RelWithDebInfo|Win32
		{86AE9E43-E916-4DC2-9440-F15F9E014671}.RelWithDebInfo|Win32.Build.0 = RelWithDebInfo|Win32
		{86AE9E43-E916-4DC2-9440-F15F9E014671}.RelWithDebInfo|x64.ActiveCfg = RelWithDebInfo|x64
		{86AE9E43-E916-4DC2-9440-F15F9E014671}.RelWithDebInfo|x64.Build.0 = RelWithDebInfo|x64
		{86AE9E43-E916-4DC2-9440-F15F9E014671}.SingleImage|Win32.ActiveCfg = Release|Win32
		{86AE9E43-E916-4DC2-9440-F15F9E014671}.SingleImage|Win32.Build.0 = Release|Win32
		{86AE9E43-E916-4DC2-9440-F15F9E014671}.SingleImage|x64.ActiveCfg = MinSizeRel|x64
		{86AE9E43-E916-4DC2-9440-F15F9E014671}.SingleImage|x64.Build.0 = MinSizeRel|x64
		{01F38D8D-977C-42AA-8926-16D054600B4E}.CD_ROM|Win32.ActiveCfg = Release|Win32
		{01F38D8D-977C-42AA-8926-16D054600B4E}.CD_ROM|Win32.Build.0 = Release|Win32
		{01F38D8D-977C-42AA-8926-16D054600B4E}.CD_ROM|x64.ActiveCfg = MinSizeRel|x64
		{01F38D8D-977C-42AA-8926-16D054600B4E}.CD_ROM|x64.Build.0 = MinSizeRel|x64
		{01F38D8D-977C-42AA-8926-16D054600B4E}.Debug|Win32.ActiveCfg = Debug|Win32
		{01F38D8D-977C-42AA-8926-16D054600B4E}.Debug|Win32.Build.0 = Debug|Win32
		{01F38D8D-977C-42AA-8926-16D054600B4E}.Debug|x64.ActiveCfg = Debug|x64
		{01F38D8D-977C-42AA-8926-16D054600B4E}.Debug|x64.Build.0 = Debug|x64
		{01F38D8D-977C-42AA-8926-16D054600B4E}.DVD-5|Win32.ActiveCfg = Debug|Win32
		{01F38D8D-977C-42AA-8926-16D054600B4E}.DVD-5|Win32.Build.0 = Debug|Win32
		{01F38D8D-977C-42AA-8926-16D054600B4E}.DVD-5|x64.ActiveCfg = Debug|x64
		{01F38D8D-977C-42AA-8926-16D054600B4E}.DVD-5|x64.Build.0 = Debug|x64
		{01F38D8D-977C-42AA-8926-16D054600B4E}.MinSizeRel|Win32.ActiveCfg = MinSizeRel|Win32
		{01F38D8D-977C-42AA-8926-16D054600B4E}.MinSizeRel|Win32.Build.0 = MinSizeRel|Win32
		{01F38D8D-977C-42AA-8926-16D054600B4E}.MinSizeRel|x64.ActiveCfg = MinSizeRel|x64
		{01F38D8D-977C-42AA-8926-16D054600B4E}.MinSizeRel|x64.Build.0 = MinSizeRel|x64
		{01F38D8D-977C-42AA-8926-16D054600B4E}.Release|Win32.ActiveCfg = Release|Win32
		{01F38D8D-977C-42AA-8926-16D054600B4E}.Release|Win32.Build.0 = Release|Win32
		{01F38D8D-977C-42AA-8926-16D054600B4E}.Release|x64.ActiveCfg = Release|x64
		{01F38D8D-977C-42AA-8926-16D054600B4E}.Release|x64.Build.0 = Release|x64
		{01F38D8D-977C-42AA-8926-16D054600B4E}.RelWithDebInfo|Win32.ActiveCfg = RelWithDebInfo|Win32
		{01F38D8D-977C-42AA-8926-16D054600B4E}.RelWithDebInfo|Win32.Build.0 = RelWithDebInfo|Win32
		{01F38D8D-977C-42AA-8926-16D054600B4E}.RelWithDebInfo|x64.ActiveCfg = RelWithDebInfo|x64
		{01F38D8D-977C-42AA-8926-16D054600B4E}.RelWithDebInfo|x64.Build.0 = RelWithDebInfo|x64
		{01F38D8D-977C-42AA-8926-16D054600B4E}.SingleImage|Win32.ActiveCfg = Release|Win32
		{01F38D8D-977C-42AA-8926-16D054600B4E}.SingleImage|Win32.Build.0 = Release|Win32
		{01F38D8D-977C-42AA-8926-16D054600B4E}.SingleImage|x64.ActiveCfg = MinSizeRel|x64
		{01F38D8D-977C-42AA-8926-16D054600B4E}.SingleImage|x64.Build.0 = MinSizeRel|x64
		{9481B929-1CCC-4D2D-AE2D-A5081AF374F3}.CD_ROM|Win32.ActiveCfg = Release|Win32
		{9481B929-1CCC-4D2D-AE2D-A5081AF374F3}.CD_ROM|Win32.Build.0 = Release|Win32
		{9481B929-1CCC-4D2D-AE2D-A5081AF374F3}.CD_ROM|x64.ActiveCfg = MinSizeRel|x64
		{9481B929-1CCC-4D2D-AE2D-A5081AF374F3}.CD_ROM|x64.Build.0 = MinSizeRel|x64
		{9481B929-1CCC-4D2D-AE2D-A5081AF374F3}.Debug|Win32.ActiveCfg = Debug|Win32
		{9481B929-1CCC-4D2D-AE2D-A5081AF374F3}.Debug|Win32.Build.0 = Debug|Win32
		{9481B929-1CCC-4D2D-AE2D-A5081AF374F3}.Debug|x64.ActiveCfg = Debug|x64
		{9481B929-1CCC-4D2D-AE2D-A5081AF374F3}.Debug|x64.Build.0 = Debug|x64
		{9481B929-1CCC-4D2D-AE2D-A5081AF374F3}.DVD-5|Win32.ActiveCfg = Debug|Win32
		{9481B929-1CCC-4D2D-AE2D-A5081AF374F3}.DVD-5|Win32.Build.0 = Debug|Win32
		{9481B929-1CCC-4D2D-AE2D-A5081AF374F3}.DVD-5|x64.ActiveCfg = Debug|x64
		{9481B929-1CCC-4D2D-AE2D-A5081AF374F3}.DVD-5|x64.Build.0 = Debug|x64
		{9481B929-1CCC-4D2D-AE2D-A5081AF374F3}.MinSizeRel|Win32.ActiveCfg = MinSizeRel|Win32
		{9481B929-1CCC-4D2D-AE2D-A5081AF374F3}.MinSizeRel|Win32.Build.0 = MinSizeRel|Win32
		{9481B929-1CCC-4D2D-AE2D-A5081AF374F3}.MinSizeRel|x64.ActiveCfg = MinSizeRel|x64
		{9481B929-1CCC-4D2D-AE2D-A5081AF374F3}.MinSizeRel|x64.Build.0 = MinSizeRel|x64
		{9481B929-1CCC-4D2D-AE2D-A5081AF374F3}.Release|Win32.ActiveCfg = Release|Win32
		{9481B929-1CCC-4D2D-AE2D-A5081AF374F3}.Release|Win32.Build.0 = Release|Win32
		{9481B929-1CCC-4D2D-AE2D-A5081AF374F3}.Release|x64.ActiveCfg = Release|x64
		{9481B929-1CCC-4D2D-AE2D-A5081AF374F3}.Release|x64.Build.0 = Release|x64
		{9481B929-1CCC-4D2D-AE2D-A5081AF374F3}.RelWithDebInfo|Win32.ActiveCfg = RelWithDebInfo|Win32
		{9481B929-1CCC-4D2D-AE2D-A5081AF374F3}.RelWithDebInfo|Win32.Build.0 = RelWithDebInfo|Win32
		{9481B929-1CCC-4D2D-AE2D-A5081AF374F3}.RelWithDebInfo|x64.ActiveCfg = RelWithDebInfo|x64
		{9481B929-1CCC-4D2D-AE2D-A5081AF374F3}.RelWithDebInfo|x64.Build.0 = RelWithDebInfo|x64
		{9481B929-1CCC-4D2D-AE2D-A5081AF374F3}.SingleImage|Win32.ActiveCfg = Release|Win32
		{9481B929-1CCC-4D2D-AE2D-A5081AF374F3}.SingleImage|Win32.Build.0 = Release|Win32
		{9481B929-1CCC-4D2D-AE2D-A5081AF374F3}.SingleImage|x64.ActiveCfg = MinSizeRel|x64
		{9481B929-1CCC-4D2D-AE2D-A5081AF374F3}.SingleImage|x64.Build.0 = MinSizeRel|x64
	EndGlobalSection
	GlobalSection(SolutionProperties) = preSolution
		HideSolutionNode = FALSE
	EndGlobalSection
EndGlobal
